
Microsoft Visual Studio Solution File, Format Version 12.00
# Visual Studio Version 17
VisualStudioVersion = 17.0.31919.166
MinimumVisualStudioVersion = 10.0.40219.1
Project("{2150E333-8FDC-42A3-9474-1A3956D46DE8}") = "Executables", "Executables", "{0D88B727-CA5D-48DB-835B-E90C8E282DA7}"
EndProject
Project("{9A19103F-16F7-4668-BE54-9A1E7A4F7556}") = "WingsEmu.Communication.gRPC", "srcs\WingsEmu.Communication.gRPC\WingsEmu.Communication.gRPC.csproj", "{15948D13-B424-4DF3-B341-36CCB97D4D9F}"
EndProject
Project("{2150E333-8FDC-42A3-9474-1A3956D46DE8}") = "WingsAPI", "WingsAPI", "{404B2AB4-CAFA-4AF7-9593-F231A25A973C}"
EndProject
Project("{9A19103F-16F7-4668-BE54-9A1E7A4F7556}") = "WingsAPI.Packets", "srcs\WingsAPI.Packets\WingsAPI.Packets.csproj", "{596A8193-7A5D-4055-BB8C-D2F27E1C6B94}"
EndProject
Project("{9A19103F-16F7-4668-BE54-9A1E7A4F7556}") = "WingsAPI.Data", "srcs\WingsAPI.Data\WingsAPI.Data.csproj", "{0F1F75EF-8755-499B-8A28-F6653EB29FED}"
EndProject
Project("{9A19103F-16F7-4668-BE54-9A1E7A4F7556}") = "WingsAPI.Game", "srcs\WingsAPI.Game\WingsAPI.Game.csproj", "{295450C6-C37F-4AA7-A59A-1BFFF352D0EA}"
EndProject
Project("{9A19103F-16F7-4668-BE54-9A1E7A4F7556}") = "Toolkit", "srcs\Toolkit\Toolkit.csproj", "{05451402-CA5D-4474-A8BE-8E534AD17748}"
EndProject
Project("{2150E333-8FDC-42A3-9474-1A3956D46DE8}") = "Core", "Core", "{823AD0CF-E764-4113-A166-6A615A4B928F}"
EndProject
Project("{2150E333-8FDC-42A3-9474-1A3956D46DE8}") = "Plugins", "Plugins", "{F872A038-D325-4718-B0A0-4CBCEA3714ED}"
EndProject
Project("{9A19103F-16F7-4668-BE54-9A1E7A4F7556}") = "WingsAPI.Game.Extensions", "srcs\WingsAPI.Game.Extensions\WingsAPI.Game.Extensions.csproj", "{D425AE9F-F25D-4B64-9983-FE76778524A7}"
EndProject
Project("{9A19103F-16F7-4668-BE54-9A1E7A4F7556}") = "Plugin.DB.EF", "srcs\_plugins\Plugin.DB.EF\Plugin.DB.EF.csproj", "{8ED45EF3-0271-4867-9330-80D300029D8C}"
EndProject
Project("{9A19103F-16F7-4668-BE54-9A1E7A4F7556}") = "WingsAPI.Commands", "srcs\WingsAPI.Commands\WingsAPI.Commands.csproj", "{B0D05BBF-F7FA-46EC-9224-182B2B98C4A3}"
EndProject
Project("{9A19103F-16F7-4668-BE54-9A1E7A4F7556}") = "WingsEmu.Plugins.Essentials", "srcs\_plugins\WingsEmu.Plugins.Essentials\WingsEmu.Plugins.Essentials.csproj", "{3F789B98-5A34-41CF-B4F0-70B03C0C5ED2}"
EndProject
Project("{9A19103F-16F7-4668-BE54-9A1E7A4F7556}") = "Master", "srcs\Master\Master.csproj", "{19A46232-72C5-4BB7-AE6B-A9062BE259A0}"
EndProject
Project("{9A19103F-16F7-4668-BE54-9A1E7A4F7556}") = "GameChannel", "srcs\GameChannel\GameChannel.csproj", "{42DE9E8C-747E-46A4-9AC5-BB7ED1425BF0}"
EndProject
Project("{9A19103F-16F7-4668-BE54-9A1E7A4F7556}") = "LoginServer", "srcs\LoginServer\LoginServer.csproj", "{D4506804-B9A1-4E1A-B97C-0F815814FE62}"
EndProject
Project("{9A19103F-16F7-4668-BE54-9A1E7A4F7556}") = "WingsEmu.Plugins.BasicImplementations", "srcs\_plugins\WingsEmu.Plugins.BasicImplementation\WingsEmu.Plugins.BasicImplementations.csproj", "{D6B19207-B3E3-4B53-9964-19DEFB2089EF}"
EndProject
Project("{9A19103F-16F7-4668-BE54-9A1E7A4F7556}") = "WingsEmu.Plugins.PacketHandling", "srcs\_plugins\WingsEmu.Plugins.PacketHandling\WingsEmu.Plugins.PacketHandling.csproj", "{F839354B-16C3-4EEF-8872-768B6D832BB2}"
EndProject
Project("{9A19103F-16F7-4668-BE54-9A1E7A4F7556}") = "WingsEmu.Plugins.DistributedGameEvents", "srcs\_plugins\WingsEmu.Plugins.DistributedGameEvents\WingsEmu.Plugins.DistributedGameEvents.csproj", "{5707003E-0835-4E7A-BAD8-E55F4AE0D583}"
EndProject
Project("{9A19103F-16F7-4668-BE54-9A1E7A4F7556}") = "WingsAPI.Communication", "srcs\WingsAPI.Communication\WingsAPI.Communication.csproj", "{CA5FFE88-A5FF-42D3-9E88-220A594AC27F}"
EndProject
Project("{9A19103F-16F7-4668-BE54-9A1E7A4F7556}") = "WingsEmu.Plugins.GameEvents", "srcs\_plugins\WingsEmu.Plugins.GameEvents\WingsEmu.Plugins.GameEvents.csproj", "{A57EA67A-133B-4217-BE17-9E25622A95DD}"
EndProject
Project("{9A19103F-16F7-4668-BE54-9A1E7A4F7556}") = "Scheduler", "srcs\Scheduler\Scheduler.csproj", "{105F39CC-E6C1-4365-B200-75D451E5747F}"
EndProject
Project("{9A19103F-16F7-4668-BE54-9A1E7A4F7556}") = "DiscordNotifier", "srcs\DiscordNotifier\DiscordNotifier.csproj", "{B84EBC46-1CF7-47C9-B38E-F4919A11D6D0}"
EndProject
Project("{2150E333-8FDC-42A3-9474-1A3956D46DE8}") = "srcs", "srcs", "{322AAFB0-04E1-42B9-B9F1-B836E12E1FCD}"
EndProject
Project("{9A19103F-16F7-4668-BE54-9A1E7A4F7556}") = "FamilyServer", "srcs\FamilyServer\FamilyServer.csproj", "{5F2C76AE-81B2-4A24-80D2-086EFC41627B}"
EndProject
Project("{9A19103F-16F7-4668-BE54-9A1E7A4F7556}") = "DatabaseServer", "srcs\DatabaseServer\DatabaseServer.csproj", "{18F61C6F-997C-459F-A3CE-63AEE311315E}"
EndProject
Project("{9A19103F-16F7-4668-BE54-9A1E7A4F7556}") = "LogsServer", "srcs\LogsServer\LogsServer.csproj", "{7B5A36CE-10AE-4915-84C2-61C205F4C004}"
EndProject
Project("{9A19103F-16F7-4668-BE54-9A1E7A4F7556}") = "MailServer", "srcs\MailServer\MailServer.csproj", "{58B6177B-2C56-4B37-88AB-8C454767D427}"
EndProject
Project("{9A19103F-16F7-4668-BE54-9A1E7A4F7556}") = "BazaarServer", "srcs\BazaarServer\BazaarServer.csproj", "{61DB7D8D-7903-47EB-85FA-1E21001C5EAE}"
EndProject
Project("{9A19103F-16F7-4668-BE54-9A1E7A4F7556}") = "WingsAPI.Scripting.LUA", "srcs\WingsAPI.Scripting.LUA\WingsAPI.Scripting.LUA.csproj", "{D7F1A231-791A-4B34-A9B2-21282EADA82C}"
EndProject
Project("{9A19103F-16F7-4668-BE54-9A1E7A4F7556}") = "RelationServer", "srcs\RelationServer\RelationServer.csproj", "{42CDD6F5-A858-4A32-8982-E5A63689CD58}"
EndProject
Project("{9A19103F-16F7-4668-BE54-9A1E7A4F7556}") = "Plugin.PlayerLogs", "srcs\_plugins\Plugin.PlayerLogs\Plugin.PlayerLogs.csproj", "{779A5516-5209-491C-878A-63086DB3F566}"
EndProject
Project("{9A19103F-16F7-4668-BE54-9A1E7A4F7556}") = "Plugin.Raids", "srcs\_plugins\Plugin.Raids\Plugin.Raids.csproj", "{8293EEC9-C747-46C3-B3D2-30C552620269}"
EndProject
Project("{9A19103F-16F7-4668-BE54-9A1E7A4F7556}") = "Plugin.Act4", "srcs\_plugins\Plugin.Act4\Plugin.Act4.csproj", "{DA4852B6-2FBD-4E5C-972C-049626152E4E}"
EndProject
Project("{9A19103F-16F7-4668-BE54-9A1E7A4F7556}") = "WingsAPI.Scripting", "srcs\WingsAPI.Scripting\WingsAPI.Scripting.csproj", "{CCBE134E-2DAB-4CE7-B9F2-4F315CDEF1FA}"
EndProject
Project("{9A19103F-16F7-4668-BE54-9A1E7A4F7556}") = "Plugin.TimeSpaces", "srcs\_plugins\Plugin.TimeSpaces\Plugin.TimeSpaces.csproj", "{E4E9646F-7B85-4446-9B6D-846D32BAC3F5}"
EndProject
Project("{9A19103F-16F7-4668-BE54-9A1E7A4F7556}") = "Plugin.CoreImpl", "srcs\_plugins\Plugin.CoreImpl\Plugin.CoreImpl.csproj", "{3038B4F6-2CB4-4124-86EB-FE8D7FB3A0D7}"
EndProject
Project("{9A19103F-16F7-4668-BE54-9A1E7A4F7556}") = "Plugin.FamilyImpl", "srcs\_plugins\Plugin.FamilyImpl\Plugin.FamilyImpl.csproj", "{E27BC1CD-D6DF-4EEE-B340-5424BE442AC5}"
EndProject
Project("{9A19103F-16F7-4668-BE54-9A1E7A4F7556}") = "Plugin.QuestImpl", "srcs\_plugins\Plugin.QuestImpl\Plugin.QuestImpl.csproj", "{793F6EA6-6842-4E8F-908D-C7423734E385}"
EndProject
Project("{9A19103F-16F7-4668-BE54-9A1E7A4F7556}") = "WingsAPI.Plugins", "srcs\WingsAPI.Plugins\WingsAPI.Plugins.csproj", "{8D22A73C-581D-4A85-917F-C56DFB386C6F}"
EndProject
Project("{9A19103F-16F7-4668-BE54-9A1E7A4F7556}") = "WingsEmu.Health", "srcs\WingsEmu.Health\WingsEmu.Health.csproj", "{DA7F7106-23D0-4DC2-8B71-43A15A6BBDE8}"
EndProject
Project("{9A19103F-16F7-4668-BE54-9A1E7A4F7556}") = "WingsAPI.Packets.Handling", "srcs\WingsAPI.Packets.Handling\WingsAPI.Packets.Handling.csproj", "{9892ED34-E662-48A2-95AB-F1655412081C}"
EndProject
Project("{9A19103F-16F7-4668-BE54-9A1E7A4F7556}") = "Plugin.MongoLogs", "srcs\_plugins\Plugin.MongoLogs\Plugin.MongoLogs.csproj", "{55094771-469E-4E1A-8E7B-C7B915E023D0}"
EndProject
Project("{9A19103F-16F7-4668-BE54-9A1E7A4F7556}") = "Plugin.ResourceLoader", "srcs\_plugins\Plugin.ResourceLoader\Plugin.ResourceLoader.csproj", "{50A948F4-EF18-4591-8CA9-564909B630A1}"
EndProject
Project("{9A19103F-16F7-4668-BE54-9A1E7A4F7556}") = "TranslationsServer", "srcs\TranslationsServer\TranslationsServer.csproj", "{A3BDBA44-A720-48FA-8914-736B79830CE9}"
EndProject
Project("{9A19103F-16F7-4668-BE54-9A1E7A4F7556}") = "Plugin.RainbowBattle", "srcs\Plugin.RainbowBattle\Plugin.RainbowBattle.csproj", "{192ECC49-3C79-48CD-A49B-296CC47546F5}"
EndProject
Project("{2150E333-8FDC-42A3-9474-1A3956D46DE8}") = "PheonixLib", "PheonixLib", "{368BD8A7-67D2-4F24-B655-C3B82BBDA840}"
EndProject
Project("{9A19103F-16F7-4668-BE54-9A1E7A4F7556}") = "PhoenixLib.Auth.JWT", "srcs\PhoenixLib.Auth.JWT\PhoenixLib.Auth.JWT.csproj", "{FAC76C2D-D586-4231-BF60-7766969BBD60}"
EndProject
Project("{9A19103F-16F7-4668-BE54-9A1E7A4F7556}") = "PhoenixLib.Caching", "srcs\PhoenixLib.Caching\PhoenixLib.Caching.csproj", "{1E379202-AE6A-4A0A-BFE9-C1C0D4605143}"
EndProject
Project("{9A19103F-16F7-4668-BE54-9A1E7A4F7556}") = "PhoenixLib.Configuration", "srcs\PhoenixLib.Configuration\PhoenixLib.Configuration.csproj", "{45104F9C-A786-442B-8202-B965530AE20E}"
EndProject
Project("{9A19103F-16F7-4668-BE54-9A1E7A4F7556}") = "PhoenixLib.DAL.Abstractions", "srcs\PhoenixLib.DAL.Abstractions\PhoenixLib.DAL.Abstractions.csproj", "{2A8189FE-0E9B-474F-91E7-A92C7C302A43}"
EndProject
Project("{9A19103F-16F7-4668-BE54-9A1E7A4F7556}") = "PhoenixLib.DAL.EFCore.PGSQL", "srcs\PhoenixLib.DAL.EFCore.PGSQL\PhoenixLib.DAL.EFCore.PGSQL.csproj", "{00EE8632-007B-406B-9CF8-F0CE38A5FEB0}"
EndProject
Project("{9A19103F-16F7-4668-BE54-9A1E7A4F7556}") = "PhoenixLib.DAL.MongoDB", "srcs\PhoenixLib.DAL.MongoDB\PhoenixLib.DAL.MongoDB.csproj", "{1565B041-B687-4EF1-B27D-B0F9A927847B}"
EndProject
Project("{9A19103F-16F7-4668-BE54-9A1E7A4F7556}") = "PhoenixLib.DAL.Redis", "srcs\PhoenixLib.DAL.Redis\PhoenixLib.DAL.Redis.csproj", "{E444200C-5B5D-42C0-88C5-D0E2C11A393F}"
EndProject
Project("{9A19103F-16F7-4668-BE54-9A1E7A4F7556}") = "PhoenixLib.Events", "srcs\PhoenixLib.Events\PhoenixLib.Events.csproj", "{28D2FC99-9DB4-4F15-A99E-F5A76DE7B13A}"
EndProject
Project("{9A19103F-16F7-4668-BE54-9A1E7A4F7556}") = "PhoenixLib.Extensions", "srcs\PhoenixLib.Extensions\PhoenixLib.Extensions.csproj", "{F81D94AB-E336-405D-B7E3-8AC97EE4E758}"
EndProject
Project("{9A19103F-16F7-4668-BE54-9A1E7A4F7556}") = "PhoenixLib.Logging", "srcs\PhoenixLib.Logging\PhoenixLib.Logging.csproj", "{192C9441-BA98-41D4-A27E-D7DE95BB46F7}"
EndProject
Project("{9A19103F-16F7-4668-BE54-9A1E7A4F7556}") = "PhoenixLib.Messaging", "srcs\PhoenixLib.Messaging\PhoenixLib.Messaging.csproj", "{D592C239-AFAD-4596-8FE9-BBEA4977B258}"
EndProject
Project("{9A19103F-16F7-4668-BE54-9A1E7A4F7556}") = "PhoenixLib.Multilanguage", "srcs\PhoenixLib.Multilanguage\PhoenixLib.Multilanguage.csproj", "{33AA9C01-0E8E-4960-AE8C-550C3B13F84A}"
EndProject
Project("{9A19103F-16F7-4668-BE54-9A1E7A4F7556}") = "PhoenixLib.Scheduler", "srcs\PhoenixLib.Scheduler\PhoenixLib.Scheduler.csproj", "{FD79C25F-87CD-47C6-87B2-F497AEA4A12D}"
EndProject
Project("{9A19103F-16F7-4668-BE54-9A1E7A4F7556}") = "PhoenixLib.Scheduler.ReactiveX", "srcs\PhoenixLib.Scheduler.ReactiveX\PhoenixLib.Scheduler.ReactiveX.csproj", "{F723B0BB-C5EA-4EBE-B3D5-50682F45EA80}"
EndProject
Global
	GlobalSection(SolutionConfigurationPlatforms) = preSolution
		Debug|Any CPU = Debug|Any CPU
		Debug|x64 = Debug|x64
		Debug|x86 = Debug|x86
		Release|Any CPU = Release|Any CPU
		Release|x64 = Release|x64
		Release|x86 = Release|x86
	EndGlobalSection
	GlobalSection(ProjectConfigurationPlatforms) = postSolution
		{15948D13-B424-4DF3-B341-36CCB97D4D9F}.Debug|Any CPU.ActiveCfg = Debug|Any CPU
		{15948D13-B424-4DF3-B341-36CCB97D4D9F}.Debug|Any CPU.Build.0 = Debug|Any CPU
		{15948D13-B424-4DF3-B341-36CCB97D4D9F}.Debug|x64.ActiveCfg = Debug|Any CPU
		{15948D13-B424-4DF3-B341-36CCB97D4D9F}.Debug|x64.Build.0 = Debug|Any CPU
		{15948D13-B424-4DF3-B341-36CCB97D4D9F}.Debug|x86.ActiveCfg = Debug|Any CPU
		{15948D13-B424-4DF3-B341-36CCB97D4D9F}.Debug|x86.Build.0 = Debug|Any CPU
		{15948D13-B424-4DF3-B341-36CCB97D4D9F}.Release|Any CPU.ActiveCfg = Release|Any CPU
		{15948D13-B424-4DF3-B341-36CCB97D4D9F}.Release|Any CPU.Build.0 = Release|Any CPU
		{15948D13-B424-4DF3-B341-36CCB97D4D9F}.Release|x64.ActiveCfg = Release|Any CPU
		{15948D13-B424-4DF3-B341-36CCB97D4D9F}.Release|x64.Build.0 = Release|Any CPU
		{15948D13-B424-4DF3-B341-36CCB97D4D9F}.Release|x86.ActiveCfg = Release|Any CPU
		{15948D13-B424-4DF3-B341-36CCB97D4D9F}.Release|x86.Build.0 = Release|Any CPU
		{596A8193-7A5D-4055-BB8C-D2F27E1C6B94}.Debug|Any CPU.ActiveCfg = Debug|Any CPU
		{596A8193-7A5D-4055-BB8C-D2F27E1C6B94}.Debug|Any CPU.Build.0 = Debug|Any CPU
		{596A8193-7A5D-4055-BB8C-D2F27E1C6B94}.Debug|x64.ActiveCfg = Debug|Any CPU
		{596A8193-7A5D-4055-BB8C-D2F27E1C6B94}.Debug|x64.Build.0 = Debug|Any CPU
		{596A8193-7A5D-4055-BB8C-D2F27E1C6B94}.Debug|x86.ActiveCfg = Debug|Any CPU
		{596A8193-7A5D-4055-BB8C-D2F27E1C6B94}.Debug|x86.Build.0 = Debug|Any CPU
		{596A8193-7A5D-4055-BB8C-D2F27E1C6B94}.Release|Any CPU.ActiveCfg = Release|Any CPU
		{596A8193-7A5D-4055-BB8C-D2F27E1C6B94}.Release|Any CPU.Build.0 = Release|Any CPU
		{596A8193-7A5D-4055-BB8C-D2F27E1C6B94}.Release|x64.ActiveCfg = Release|Any CPU
		{596A8193-7A5D-4055-BB8C-D2F27E1C6B94}.Release|x64.Build.0 = Release|Any CPU
		{596A8193-7A5D-4055-BB8C-D2F27E1C6B94}.Release|x86.ActiveCfg = Release|Any CPU
		{596A8193-7A5D-4055-BB8C-D2F27E1C6B94}.Release|x86.Build.0 = Release|Any CPU
		{0F1F75EF-8755-499B-8A28-F6653EB29FED}.Debug|Any CPU.ActiveCfg = Debug|Any CPU
		{0F1F75EF-8755-499B-8A28-F6653EB29FED}.Debug|Any CPU.Build.0 = Debug|Any CPU
		{0F1F75EF-8755-499B-8A28-F6653EB29FED}.Debug|x64.ActiveCfg = Debug|Any CPU
		{0F1F75EF-8755-499B-8A28-F6653EB29FED}.Debug|x64.Build.0 = Debug|Any CPU
		{0F1F75EF-8755-499B-8A28-F6653EB29FED}.Debug|x86.ActiveCfg = Debug|Any CPU
		{0F1F75EF-8755-499B-8A28-F6653EB29FED}.Debug|x86.Build.0 = Debug|Any CPU
		{0F1F75EF-8755-499B-8A28-F6653EB29FED}.Release|Any CPU.ActiveCfg = Release|Any CPU
		{0F1F75EF-8755-499B-8A28-F6653EB29FED}.Release|Any CPU.Build.0 = Release|Any CPU
		{0F1F75EF-8755-499B-8A28-F6653EB29FED}.Release|x64.ActiveCfg = Release|Any CPU
		{0F1F75EF-8755-499B-8A28-F6653EB29FED}.Release|x64.Build.0 = Release|Any CPU
		{0F1F75EF-8755-499B-8A28-F6653EB29FED}.Release|x86.ActiveCfg = Release|Any CPU
		{0F1F75EF-8755-499B-8A28-F6653EB29FED}.Release|x86.Build.0 = Release|Any CPU
		{295450C6-C37F-4AA7-A59A-1BFFF352D0EA}.Debug|Any CPU.ActiveCfg = Debug|Any CPU
		{295450C6-C37F-4AA7-A59A-1BFFF352D0EA}.Debug|Any CPU.Build.0 = Debug|Any CPU
		{295450C6-C37F-4AA7-A59A-1BFFF352D0EA}.Debug|x64.ActiveCfg = Debug|Any CPU
		{295450C6-C37F-4AA7-A59A-1BFFF352D0EA}.Debug|x64.Build.0 = Debug|Any CPU
		{295450C6-C37F-4AA7-A59A-1BFFF352D0EA}.Debug|x86.ActiveCfg = Debug|Any CPU
		{295450C6-C37F-4AA7-A59A-1BFFF352D0EA}.Debug|x86.Build.0 = Debug|Any CPU
		{295450C6-C37F-4AA7-A59A-1BFFF352D0EA}.Release|Any CPU.ActiveCfg = Release|Any CPU
		{295450C6-C37F-4AA7-A59A-1BFFF352D0EA}.Release|Any CPU.Build.0 = Release|Any CPU
		{295450C6-C37F-4AA7-A59A-1BFFF352D0EA}.Release|x64.ActiveCfg = Release|Any CPU
		{295450C6-C37F-4AA7-A59A-1BFFF352D0EA}.Release|x64.Build.0 = Release|Any CPU
		{295450C6-C37F-4AA7-A59A-1BFFF352D0EA}.Release|x86.ActiveCfg = Release|Any CPU
		{295450C6-C37F-4AA7-A59A-1BFFF352D0EA}.Release|x86.Build.0 = Release|Any CPU
		{05451402-CA5D-4474-A8BE-8E534AD17748}.Debug|Any CPU.ActiveCfg = Debug|Any CPU
		{05451402-CA5D-4474-A8BE-8E534AD17748}.Debug|Any CPU.Build.0 = Debug|Any CPU
		{05451402-CA5D-4474-A8BE-8E534AD17748}.Debug|x64.ActiveCfg = Debug|Any CPU
		{05451402-CA5D-4474-A8BE-8E534AD17748}.Debug|x64.Build.0 = Debug|Any CPU
		{05451402-CA5D-4474-A8BE-8E534AD17748}.Debug|x86.ActiveCfg = Debug|Any CPU
		{05451402-CA5D-4474-A8BE-8E534AD17748}.Debug|x86.Build.0 = Debug|Any CPU
		{05451402-CA5D-4474-A8BE-8E534AD17748}.Release|Any CPU.ActiveCfg = Release|Any CPU
		{05451402-CA5D-4474-A8BE-8E534AD17748}.Release|Any CPU.Build.0 = Release|Any CPU
		{05451402-CA5D-4474-A8BE-8E534AD17748}.Release|x64.ActiveCfg = Release|Any CPU
		{05451402-CA5D-4474-A8BE-8E534AD17748}.Release|x64.Build.0 = Release|Any CPU
		{05451402-CA5D-4474-A8BE-8E534AD17748}.Release|x86.ActiveCfg = Release|Any CPU
		{05451402-CA5D-4474-A8BE-8E534AD17748}.Release|x86.Build.0 = Release|Any CPU
		{D425AE9F-F25D-4B64-9983-FE76778524A7}.Debug|Any CPU.ActiveCfg = Debug|Any CPU
		{D425AE9F-F25D-4B64-9983-FE76778524A7}.Debug|Any CPU.Build.0 = Debug|Any CPU
		{D425AE9F-F25D-4B64-9983-FE76778524A7}.Debug|x64.ActiveCfg = Debug|Any CPU
		{D425AE9F-F25D-4B64-9983-FE76778524A7}.Debug|x64.Build.0 = Debug|Any CPU
		{D425AE9F-F25D-4B64-9983-FE76778524A7}.Debug|x86.ActiveCfg = Debug|Any CPU
		{D425AE9F-F25D-4B64-9983-FE76778524A7}.Debug|x86.Build.0 = Debug|Any CPU
		{D425AE9F-F25D-4B64-9983-FE76778524A7}.Release|Any CPU.ActiveCfg = Release|Any CPU
		{D425AE9F-F25D-4B64-9983-FE76778524A7}.Release|Any CPU.Build.0 = Release|Any CPU
		{D425AE9F-F25D-4B64-9983-FE76778524A7}.Release|x64.ActiveCfg = Release|Any CPU
		{D425AE9F-F25D-4B64-9983-FE76778524A7}.Release|x64.Build.0 = Release|Any CPU
		{D425AE9F-F25D-4B64-9983-FE76778524A7}.Release|x86.ActiveCfg = Release|Any CPU
		{D425AE9F-F25D-4B64-9983-FE76778524A7}.Release|x86.Build.0 = Release|Any CPU
		{8ED45EF3-0271-4867-9330-80D300029D8C}.Debug|Any CPU.ActiveCfg = Debug|Any CPU
		{8ED45EF3-0271-4867-9330-80D300029D8C}.Debug|Any CPU.Build.0 = Debug|Any CPU
		{8ED45EF3-0271-4867-9330-80D300029D8C}.Debug|x64.ActiveCfg = Debug|Any CPU
		{8ED45EF3-0271-4867-9330-80D300029D8C}.Debug|x64.Build.0 = Debug|Any CPU
		{8ED45EF3-0271-4867-9330-80D300029D8C}.Debug|x86.ActiveCfg = Debug|Any CPU
		{8ED45EF3-0271-4867-9330-80D300029D8C}.Debug|x86.Build.0 = Debug|Any CPU
		{8ED45EF3-0271-4867-9330-80D300029D8C}.Release|Any CPU.ActiveCfg = Release|Any CPU
		{8ED45EF3-0271-4867-9330-80D300029D8C}.Release|Any CPU.Build.0 = Release|Any CPU
		{8ED45EF3-0271-4867-9330-80D300029D8C}.Release|x64.ActiveCfg = Release|Any CPU
		{8ED45EF3-0271-4867-9330-80D300029D8C}.Release|x64.Build.0 = Release|Any CPU
		{8ED45EF3-0271-4867-9330-80D300029D8C}.Release|x86.ActiveCfg = Release|Any CPU
		{8ED45EF3-0271-4867-9330-80D300029D8C}.Release|x86.Build.0 = Release|Any CPU
		{B0D05BBF-F7FA-46EC-9224-182B2B98C4A3}.Debug|Any CPU.ActiveCfg = Debug|Any CPU
		{B0D05BBF-F7FA-46EC-9224-182B2B98C4A3}.Debug|Any CPU.Build.0 = Debug|Any CPU
		{B0D05BBF-F7FA-46EC-9224-182B2B98C4A3}.Debug|x64.ActiveCfg = Debug|Any CPU
		{B0D05BBF-F7FA-46EC-9224-182B2B98C4A3}.Debug|x64.Build.0 = Debug|Any CPU
		{B0D05BBF-F7FA-46EC-9224-182B2B98C4A3}.Debug|x86.ActiveCfg = Debug|Any CPU
		{B0D05BBF-F7FA-46EC-9224-182B2B98C4A3}.Debug|x86.Build.0 = Debug|Any CPU
		{B0D05BBF-F7FA-46EC-9224-182B2B98C4A3}.Release|Any CPU.ActiveCfg = Release|Any CPU
		{B0D05BBF-F7FA-46EC-9224-182B2B98C4A3}.Release|Any CPU.Build.0 = Release|Any CPU
		{B0D05BBF-F7FA-46EC-9224-182B2B98C4A3}.Release|x64.ActiveCfg = Release|Any CPU
		{B0D05BBF-F7FA-46EC-9224-182B2B98C4A3}.Release|x64.Build.0 = Release|Any CPU
		{B0D05BBF-F7FA-46EC-9224-182B2B98C4A3}.Release|x86.ActiveCfg = Release|Any CPU
		{B0D05BBF-F7FA-46EC-9224-182B2B98C4A3}.Release|x86.Build.0 = Release|Any CPU
		{3F789B98-5A34-41CF-B4F0-70B03C0C5ED2}.Debug|Any CPU.ActiveCfg = Debug|Any CPU
		{3F789B98-5A34-41CF-B4F0-70B03C0C5ED2}.Debug|Any CPU.Build.0 = Debug|Any CPU
		{3F789B98-5A34-41CF-B4F0-70B03C0C5ED2}.Debug|x64.ActiveCfg = Debug|Any CPU
		{3F789B98-5A34-41CF-B4F0-70B03C0C5ED2}.Debug|x64.Build.0 = Debug|Any CPU
		{3F789B98-5A34-41CF-B4F0-70B03C0C5ED2}.Debug|x86.ActiveCfg = Debug|Any CPU
		{3F789B98-5A34-41CF-B4F0-70B03C0C5ED2}.Debug|x86.Build.0 = Debug|Any CPU
		{3F789B98-5A34-41CF-B4F0-70B03C0C5ED2}.Release|Any CPU.ActiveCfg = Release|Any CPU
		{3F789B98-5A34-41CF-B4F0-70B03C0C5ED2}.Release|Any CPU.Build.0 = Release|Any CPU
		{3F789B98-5A34-41CF-B4F0-70B03C0C5ED2}.Release|x64.ActiveCfg = Release|Any CPU
		{3F789B98-5A34-41CF-B4F0-70B03C0C5ED2}.Release|x64.Build.0 = Release|Any CPU
		{3F789B98-5A34-41CF-B4F0-70B03C0C5ED2}.Release|x86.ActiveCfg = Release|Any CPU
		{3F789B98-5A34-41CF-B4F0-70B03C0C5ED2}.Release|x86.Build.0 = Release|Any CPU
		{19A46232-72C5-4BB7-AE6B-A9062BE259A0}.Debug|Any CPU.ActiveCfg = Debug|Any CPU
		{19A46232-72C5-4BB7-AE6B-A9062BE259A0}.Debug|Any CPU.Build.0 = Debug|Any CPU
		{19A46232-72C5-4BB7-AE6B-A9062BE259A0}.Debug|x64.ActiveCfg = Debug|Any CPU
		{19A46232-72C5-4BB7-AE6B-A9062BE259A0}.Debug|x64.Build.0 = Debug|Any CPU
		{19A46232-72C5-4BB7-AE6B-A9062BE259A0}.Debug|x86.ActiveCfg = Debug|Any CPU
		{19A46232-72C5-4BB7-AE6B-A9062BE259A0}.Debug|x86.Build.0 = Debug|Any CPU
		{19A46232-72C5-4BB7-AE6B-A9062BE259A0}.Release|Any CPU.ActiveCfg = Release|Any CPU
		{19A46232-72C5-4BB7-AE6B-A9062BE259A0}.Release|Any CPU.Build.0 = Release|Any CPU
		{19A46232-72C5-4BB7-AE6B-A9062BE259A0}.Release|x64.ActiveCfg = Release|Any CPU
		{19A46232-72C5-4BB7-AE6B-A9062BE259A0}.Release|x64.Build.0 = Release|Any CPU
		{19A46232-72C5-4BB7-AE6B-A9062BE259A0}.Release|x86.ActiveCfg = Release|Any CPU
		{19A46232-72C5-4BB7-AE6B-A9062BE259A0}.Release|x86.Build.0 = Release|Any CPU
		{42DE9E8C-747E-46A4-9AC5-BB7ED1425BF0}.Debug|Any CPU.ActiveCfg = Debug|Any CPU
		{42DE9E8C-747E-46A4-9AC5-BB7ED1425BF0}.Debug|Any CPU.Build.0 = Debug|Any CPU
		{42DE9E8C-747E-46A4-9AC5-BB7ED1425BF0}.Debug|x64.ActiveCfg = Debug|Any CPU
		{42DE9E8C-747E-46A4-9AC5-BB7ED1425BF0}.Debug|x64.Build.0 = Debug|Any CPU
		{42DE9E8C-747E-46A4-9AC5-BB7ED1425BF0}.Debug|x86.ActiveCfg = Debug|Any CPU
		{42DE9E8C-747E-46A4-9AC5-BB7ED1425BF0}.Debug|x86.Build.0 = Debug|Any CPU
		{42DE9E8C-747E-46A4-9AC5-BB7ED1425BF0}.Release|Any CPU.ActiveCfg = Release|Any CPU
		{42DE9E8C-747E-46A4-9AC5-BB7ED1425BF0}.Release|Any CPU.Build.0 = Release|Any CPU
		{42DE9E8C-747E-46A4-9AC5-BB7ED1425BF0}.Release|x64.ActiveCfg = Release|Any CPU
		{42DE9E8C-747E-46A4-9AC5-BB7ED1425BF0}.Release|x64.Build.0 = Release|Any CPU
		{42DE9E8C-747E-46A4-9AC5-BB7ED1425BF0}.Release|x86.ActiveCfg = Release|Any CPU
		{42DE9E8C-747E-46A4-9AC5-BB7ED1425BF0}.Release|x86.Build.0 = Release|Any CPU
		{D4506804-B9A1-4E1A-B97C-0F815814FE62}.Debug|Any CPU.ActiveCfg = Debug|Any CPU
		{D4506804-B9A1-4E1A-B97C-0F815814FE62}.Debug|Any CPU.Build.0 = Debug|Any CPU
		{D4506804-B9A1-4E1A-B97C-0F815814FE62}.Debug|x64.ActiveCfg = Debug|Any CPU
		{D4506804-B9A1-4E1A-B97C-0F815814FE62}.Debug|x64.Build.0 = Debug|Any CPU
		{D4506804-B9A1-4E1A-B97C-0F815814FE62}.Debug|x86.ActiveCfg = Debug|Any CPU
		{D4506804-B9A1-4E1A-B97C-0F815814FE62}.Debug|x86.Build.0 = Debug|Any CPU
		{D4506804-B9A1-4E1A-B97C-0F815814FE62}.Release|Any CPU.ActiveCfg = Release|Any CPU
		{D4506804-B9A1-4E1A-B97C-0F815814FE62}.Release|Any CPU.Build.0 = Release|Any CPU
		{D4506804-B9A1-4E1A-B97C-0F815814FE62}.Release|x64.ActiveCfg = Release|Any CPU
		{D4506804-B9A1-4E1A-B97C-0F815814FE62}.Release|x64.Build.0 = Release|Any CPU
		{D4506804-B9A1-4E1A-B97C-0F815814FE62}.Release|x86.ActiveCfg = Release|Any CPU
		{D4506804-B9A1-4E1A-B97C-0F815814FE62}.Release|x86.Build.0 = Release|Any CPU
		{D6B19207-B3E3-4B53-9964-19DEFB2089EF}.Debug|Any CPU.ActiveCfg = Debug|Any CPU
		{D6B19207-B3E3-4B53-9964-19DEFB2089EF}.Debug|Any CPU.Build.0 = Debug|Any CPU
		{D6B19207-B3E3-4B53-9964-19DEFB2089EF}.Debug|x64.ActiveCfg = Debug|Any CPU
		{D6B19207-B3E3-4B53-9964-19DEFB2089EF}.Debug|x64.Build.0 = Debug|Any CPU
		{D6B19207-B3E3-4B53-9964-19DEFB2089EF}.Debug|x86.ActiveCfg = Debug|Any CPU
		{D6B19207-B3E3-4B53-9964-19DEFB2089EF}.Debug|x86.Build.0 = Debug|Any CPU
		{D6B19207-B3E3-4B53-9964-19DEFB2089EF}.Release|Any CPU.ActiveCfg = Release|Any CPU
		{D6B19207-B3E3-4B53-9964-19DEFB2089EF}.Release|Any CPU.Build.0 = Release|Any CPU
		{D6B19207-B3E3-4B53-9964-19DEFB2089EF}.Release|x64.ActiveCfg = Release|Any CPU
		{D6B19207-B3E3-4B53-9964-19DEFB2089EF}.Release|x64.Build.0 = Release|Any CPU
		{D6B19207-B3E3-4B53-9964-19DEFB2089EF}.Release|x86.ActiveCfg = Release|Any CPU
		{D6B19207-B3E3-4B53-9964-19DEFB2089EF}.Release|x86.Build.0 = Release|Any CPU
		{F839354B-16C3-4EEF-8872-768B6D832BB2}.Debug|Any CPU.ActiveCfg = Debug|Any CPU
		{F839354B-16C3-4EEF-8872-768B6D832BB2}.Debug|Any CPU.Build.0 = Debug|Any CPU
		{F839354B-16C3-4EEF-8872-768B6D832BB2}.Debug|x64.ActiveCfg = Debug|Any CPU
		{F839354B-16C3-4EEF-8872-768B6D832BB2}.Debug|x64.Build.0 = Debug|Any CPU
		{F839354B-16C3-4EEF-8872-768B6D832BB2}.Debug|x86.ActiveCfg = Debug|Any CPU
		{F839354B-16C3-4EEF-8872-768B6D832BB2}.Debug|x86.Build.0 = Debug|Any CPU
		{F839354B-16C3-4EEF-8872-768B6D832BB2}.Release|Any CPU.ActiveCfg = Release|Any CPU
		{F839354B-16C3-4EEF-8872-768B6D832BB2}.Release|Any CPU.Build.0 = Release|Any CPU
		{F839354B-16C3-4EEF-8872-768B6D832BB2}.Release|x64.ActiveCfg = Release|Any CPU
		{F839354B-16C3-4EEF-8872-768B6D832BB2}.Release|x64.Build.0 = Release|Any CPU
		{F839354B-16C3-4EEF-8872-768B6D832BB2}.Release|x86.ActiveCfg = Release|Any CPU
		{F839354B-16C3-4EEF-8872-768B6D832BB2}.Release|x86.Build.0 = Release|Any CPU
		{5707003E-0835-4E7A-BAD8-E55F4AE0D583}.Debug|Any CPU.ActiveCfg = Debug|Any CPU
		{5707003E-0835-4E7A-BAD8-E55F4AE0D583}.Debug|Any CPU.Build.0 = Debug|Any CPU
		{5707003E-0835-4E7A-BAD8-E55F4AE0D583}.Debug|x64.ActiveCfg = Debug|Any CPU
		{5707003E-0835-4E7A-BAD8-E55F4AE0D583}.Debug|x64.Build.0 = Debug|Any CPU
		{5707003E-0835-4E7A-BAD8-E55F4AE0D583}.Debug|x86.ActiveCfg = Debug|Any CPU
		{5707003E-0835-4E7A-BAD8-E55F4AE0D583}.Debug|x86.Build.0 = Debug|Any CPU
		{5707003E-0835-4E7A-BAD8-E55F4AE0D583}.Release|Any CPU.ActiveCfg = Release|Any CPU
		{5707003E-0835-4E7A-BAD8-E55F4AE0D583}.Release|Any CPU.Build.0 = Release|Any CPU
		{5707003E-0835-4E7A-BAD8-E55F4AE0D583}.Release|x64.ActiveCfg = Release|Any CPU
		{5707003E-0835-4E7A-BAD8-E55F4AE0D583}.Release|x64.Build.0 = Release|Any CPU
		{5707003E-0835-4E7A-BAD8-E55F4AE0D583}.Release|x86.ActiveCfg = Release|Any CPU
		{5707003E-0835-4E7A-BAD8-E55F4AE0D583}.Release|x86.Build.0 = Release|Any CPU
		{CA5FFE88-A5FF-42D3-9E88-220A594AC27F}.Debug|Any CPU.ActiveCfg = Debug|Any CPU
		{CA5FFE88-A5FF-42D3-9E88-220A594AC27F}.Debug|Any CPU.Build.0 = Debug|Any CPU
		{CA5FFE88-A5FF-42D3-9E88-220A594AC27F}.Debug|x64.ActiveCfg = Debug|Any CPU
		{CA5FFE88-A5FF-42D3-9E88-220A594AC27F}.Debug|x64.Build.0 = Debug|Any CPU
		{CA5FFE88-A5FF-42D3-9E88-220A594AC27F}.Debug|x86.ActiveCfg = Debug|Any CPU
		{CA5FFE88-A5FF-42D3-9E88-220A594AC27F}.Debug|x86.Build.0 = Debug|Any CPU
		{CA5FFE88-A5FF-42D3-9E88-220A594AC27F}.Release|Any CPU.ActiveCfg = Release|Any CPU
		{CA5FFE88-A5FF-42D3-9E88-220A594AC27F}.Release|Any CPU.Build.0 = Release|Any CPU
		{CA5FFE88-A5FF-42D3-9E88-220A594AC27F}.Release|x64.ActiveCfg = Release|Any CPU
		{CA5FFE88-A5FF-42D3-9E88-220A594AC27F}.Release|x64.Build.0 = Release|Any CPU
		{CA5FFE88-A5FF-42D3-9E88-220A594AC27F}.Release|x86.ActiveCfg = Release|Any CPU
		{CA5FFE88-A5FF-42D3-9E88-220A594AC27F}.Release|x86.Build.0 = Release|Any CPU
		{A57EA67A-133B-4217-BE17-9E25622A95DD}.Debug|Any CPU.ActiveCfg = Debug|Any CPU
		{A57EA67A-133B-4217-BE17-9E25622A95DD}.Debug|Any CPU.Build.0 = Debug|Any CPU
		{A57EA67A-133B-4217-BE17-9E25622A95DD}.Debug|x64.ActiveCfg = Debug|Any CPU
		{A57EA67A-133B-4217-BE17-9E25622A95DD}.Debug|x64.Build.0 = Debug|Any CPU
		{A57EA67A-133B-4217-BE17-9E25622A95DD}.Debug|x86.ActiveCfg = Debug|Any CPU
		{A57EA67A-133B-4217-BE17-9E25622A95DD}.Debug|x86.Build.0 = Debug|Any CPU
		{A57EA67A-133B-4217-BE17-9E25622A95DD}.Release|Any CPU.ActiveCfg = Release|Any CPU
		{A57EA67A-133B-4217-BE17-9E25622A95DD}.Release|Any CPU.Build.0 = Release|Any CPU
		{A57EA67A-133B-4217-BE17-9E25622A95DD}.Release|x64.ActiveCfg = Release|Any CPU
		{A57EA67A-133B-4217-BE17-9E25622A95DD}.Release|x64.Build.0 = Release|Any CPU
		{A57EA67A-133B-4217-BE17-9E25622A95DD}.Release|x86.ActiveCfg = Release|Any CPU
		{A57EA67A-133B-4217-BE17-9E25622A95DD}.Release|x86.Build.0 = Release|Any CPU
		{105F39CC-E6C1-4365-B200-75D451E5747F}.Debug|Any CPU.ActiveCfg = Debug|Any CPU
		{105F39CC-E6C1-4365-B200-75D451E5747F}.Debug|Any CPU.Build.0 = Debug|Any CPU
		{105F39CC-E6C1-4365-B200-75D451E5747F}.Debug|x64.ActiveCfg = Debug|Any CPU
		{105F39CC-E6C1-4365-B200-75D451E5747F}.Debug|x64.Build.0 = Debug|Any CPU
		{105F39CC-E6C1-4365-B200-75D451E5747F}.Debug|x86.ActiveCfg = Debug|Any CPU
		{105F39CC-E6C1-4365-B200-75D451E5747F}.Debug|x86.Build.0 = Debug|Any CPU
		{105F39CC-E6C1-4365-B200-75D451E5747F}.Release|Any CPU.ActiveCfg = Release|Any CPU
		{105F39CC-E6C1-4365-B200-75D451E5747F}.Release|Any CPU.Build.0 = Release|Any CPU
		{105F39CC-E6C1-4365-B200-75D451E5747F}.Release|x64.ActiveCfg = Release|Any CPU
		{105F39CC-E6C1-4365-B200-75D451E5747F}.Release|x64.Build.0 = Release|Any CPU
		{105F39CC-E6C1-4365-B200-75D451E5747F}.Release|x86.ActiveCfg = Release|Any CPU
		{105F39CC-E6C1-4365-B200-75D451E5747F}.Release|x86.Build.0 = Release|Any CPU
		{B84EBC46-1CF7-47C9-B38E-F4919A11D6D0}.Debug|Any CPU.ActiveCfg = Debug|Any CPU
		{B84EBC46-1CF7-47C9-B38E-F4919A11D6D0}.Debug|Any CPU.Build.0 = Debug|Any CPU
		{B84EBC46-1CF7-47C9-B38E-F4919A11D6D0}.Debug|x64.ActiveCfg = Debug|Any CPU
		{B84EBC46-1CF7-47C9-B38E-F4919A11D6D0}.Debug|x64.Build.0 = Debug|Any CPU
		{B84EBC46-1CF7-47C9-B38E-F4919A11D6D0}.Debug|x86.ActiveCfg = Debug|Any CPU
		{B84EBC46-1CF7-47C9-B38E-F4919A11D6D0}.Debug|x86.Build.0 = Debug|Any CPU
		{B84EBC46-1CF7-47C9-B38E-F4919A11D6D0}.Release|Any CPU.ActiveCfg = Release|Any CPU
		{B84EBC46-1CF7-47C9-B38E-F4919A11D6D0}.Release|Any CPU.Build.0 = Release|Any CPU
		{B84EBC46-1CF7-47C9-B38E-F4919A11D6D0}.Release|x64.ActiveCfg = Release|Any CPU
		{B84EBC46-1CF7-47C9-B38E-F4919A11D6D0}.Release|x64.Build.0 = Release|Any CPU
		{B84EBC46-1CF7-47C9-B38E-F4919A11D6D0}.Release|x86.ActiveCfg = Release|Any CPU
		{B84EBC46-1CF7-47C9-B38E-F4919A11D6D0}.Release|x86.Build.0 = Release|Any CPU
		{5F2C76AE-81B2-4A24-80D2-086EFC41627B}.Debug|Any CPU.ActiveCfg = Debug|Any CPU
		{5F2C76AE-81B2-4A24-80D2-086EFC41627B}.Debug|Any CPU.Build.0 = Debug|Any CPU
		{5F2C76AE-81B2-4A24-80D2-086EFC41627B}.Debug|x64.ActiveCfg = Debug|Any CPU
		{5F2C76AE-81B2-4A24-80D2-086EFC41627B}.Debug|x64.Build.0 = Debug|Any CPU
		{5F2C76AE-81B2-4A24-80D2-086EFC41627B}.Debug|x86.ActiveCfg = Debug|Any CPU
		{5F2C76AE-81B2-4A24-80D2-086EFC41627B}.Debug|x86.Build.0 = Debug|Any CPU
		{5F2C76AE-81B2-4A24-80D2-086EFC41627B}.Release|Any CPU.ActiveCfg = Release|Any CPU
		{5F2C76AE-81B2-4A24-80D2-086EFC41627B}.Release|Any CPU.Build.0 = Release|Any CPU
		{5F2C76AE-81B2-4A24-80D2-086EFC41627B}.Release|x64.ActiveCfg = Release|Any CPU
		{5F2C76AE-81B2-4A24-80D2-086EFC41627B}.Release|x64.Build.0 = Release|Any CPU
		{5F2C76AE-81B2-4A24-80D2-086EFC41627B}.Release|x86.ActiveCfg = Release|Any CPU
		{5F2C76AE-81B2-4A24-80D2-086EFC41627B}.Release|x86.Build.0 = Release|Any CPU
		{18F61C6F-997C-459F-A3CE-63AEE311315E}.Debug|Any CPU.ActiveCfg = Debug|Any CPU
		{18F61C6F-997C-459F-A3CE-63AEE311315E}.Debug|Any CPU.Build.0 = Debug|Any CPU
		{18F61C6F-997C-459F-A3CE-63AEE311315E}.Debug|x64.ActiveCfg = Debug|Any CPU
		{18F61C6F-997C-459F-A3CE-63AEE311315E}.Debug|x64.Build.0 = Debug|Any CPU
		{18F61C6F-997C-459F-A3CE-63AEE311315E}.Debug|x86.ActiveCfg = Debug|Any CPU
		{18F61C6F-997C-459F-A3CE-63AEE311315E}.Debug|x86.Build.0 = Debug|Any CPU
		{18F61C6F-997C-459F-A3CE-63AEE311315E}.Release|Any CPU.ActiveCfg = Release|Any CPU
		{18F61C6F-997C-459F-A3CE-63AEE311315E}.Release|Any CPU.Build.0 = Release|Any CPU
		{18F61C6F-997C-459F-A3CE-63AEE311315E}.Release|x64.ActiveCfg = Release|Any CPU
		{18F61C6F-997C-459F-A3CE-63AEE311315E}.Release|x64.Build.0 = Release|Any CPU
		{18F61C6F-997C-459F-A3CE-63AEE311315E}.Release|x86.ActiveCfg = Release|Any CPU
		{18F61C6F-997C-459F-A3CE-63AEE311315E}.Release|x86.Build.0 = Release|Any CPU
		{7B5A36CE-10AE-4915-84C2-61C205F4C004}.Debug|Any CPU.ActiveCfg = Debug|Any CPU
		{7B5A36CE-10AE-4915-84C2-61C205F4C004}.Debug|Any CPU.Build.0 = Debug|Any CPU
		{7B5A36CE-10AE-4915-84C2-61C205F4C004}.Debug|x64.ActiveCfg = Debug|Any CPU
		{7B5A36CE-10AE-4915-84C2-61C205F4C004}.Debug|x64.Build.0 = Debug|Any CPU
		{7B5A36CE-10AE-4915-84C2-61C205F4C004}.Debug|x86.ActiveCfg = Debug|Any CPU
		{7B5A36CE-10AE-4915-84C2-61C205F4C004}.Debug|x86.Build.0 = Debug|Any CPU
		{7B5A36CE-10AE-4915-84C2-61C205F4C004}.Release|Any CPU.ActiveCfg = Release|Any CPU
		{7B5A36CE-10AE-4915-84C2-61C205F4C004}.Release|Any CPU.Build.0 = Release|Any CPU
		{7B5A36CE-10AE-4915-84C2-61C205F4C004}.Release|x64.ActiveCfg = Release|Any CPU
		{7B5A36CE-10AE-4915-84C2-61C205F4C004}.Release|x64.Build.0 = Release|Any CPU
		{7B5A36CE-10AE-4915-84C2-61C205F4C004}.Release|x86.ActiveCfg = Release|Any CPU
		{7B5A36CE-10AE-4915-84C2-61C205F4C004}.Release|x86.Build.0 = Release|Any CPU
		{58B6177B-2C56-4B37-88AB-8C454767D427}.Debug|Any CPU.ActiveCfg = Debug|Any CPU
		{58B6177B-2C56-4B37-88AB-8C454767D427}.Debug|Any CPU.Build.0 = Debug|Any CPU
		{58B6177B-2C56-4B37-88AB-8C454767D427}.Debug|x64.ActiveCfg = Debug|Any CPU
		{58B6177B-2C56-4B37-88AB-8C454767D427}.Debug|x64.Build.0 = Debug|Any CPU
		{58B6177B-2C56-4B37-88AB-8C454767D427}.Debug|x86.ActiveCfg = Debug|Any CPU
		{58B6177B-2C56-4B37-88AB-8C454767D427}.Debug|x86.Build.0 = Debug|Any CPU
		{58B6177B-2C56-4B37-88AB-8C454767D427}.Release|Any CPU.ActiveCfg = Release|Any CPU
		{58B6177B-2C56-4B37-88AB-8C454767D427}.Release|Any CPU.Build.0 = Release|Any CPU
		{58B6177B-2C56-4B37-88AB-8C454767D427}.Release|x64.ActiveCfg = Release|Any CPU
		{58B6177B-2C56-4B37-88AB-8C454767D427}.Release|x64.Build.0 = Release|Any CPU
		{58B6177B-2C56-4B37-88AB-8C454767D427}.Release|x86.ActiveCfg = Release|Any CPU
		{58B6177B-2C56-4B37-88AB-8C454767D427}.Release|x86.Build.0 = Release|Any CPU
		{61DB7D8D-7903-47EB-85FA-1E21001C5EAE}.Debug|Any CPU.ActiveCfg = Debug|Any CPU
		{61DB7D8D-7903-47EB-85FA-1E21001C5EAE}.Debug|Any CPU.Build.0 = Debug|Any CPU
		{61DB7D8D-7903-47EB-85FA-1E21001C5EAE}.Debug|x64.ActiveCfg = Debug|Any CPU
		{61DB7D8D-7903-47EB-85FA-1E21001C5EAE}.Debug|x64.Build.0 = Debug|Any CPU
		{61DB7D8D-7903-47EB-85FA-1E21001C5EAE}.Debug|x86.ActiveCfg = Debug|Any CPU
		{61DB7D8D-7903-47EB-85FA-1E21001C5EAE}.Debug|x86.Build.0 = Debug|Any CPU
		{61DB7D8D-7903-47EB-85FA-1E21001C5EAE}.Release|Any CPU.ActiveCfg = Release|Any CPU
		{61DB7D8D-7903-47EB-85FA-1E21001C5EAE}.Release|Any CPU.Build.0 = Release|Any CPU
		{61DB7D8D-7903-47EB-85FA-1E21001C5EAE}.Release|x64.ActiveCfg = Release|Any CPU
		{61DB7D8D-7903-47EB-85FA-1E21001C5EAE}.Release|x64.Build.0 = Release|Any CPU
		{61DB7D8D-7903-47EB-85FA-1E21001C5EAE}.Release|x86.ActiveCfg = Release|Any CPU
		{61DB7D8D-7903-47EB-85FA-1E21001C5EAE}.Release|x86.Build.0 = Release|Any CPU
		{D7F1A231-791A-4B34-A9B2-21282EADA82C}.Debug|Any CPU.ActiveCfg = Debug|Any CPU
		{D7F1A231-791A-4B34-A9B2-21282EADA82C}.Debug|Any CPU.Build.0 = Debug|Any CPU
		{D7F1A231-791A-4B34-A9B2-21282EADA82C}.Debug|x64.ActiveCfg = Debug|Any CPU
		{D7F1A231-791A-4B34-A9B2-21282EADA82C}.Debug|x64.Build.0 = Debug|Any CPU
		{D7F1A231-791A-4B34-A9B2-21282EADA82C}.Debug|x86.ActiveCfg = Debug|Any CPU
		{D7F1A231-791A-4B34-A9B2-21282EADA82C}.Debug|x86.Build.0 = Debug|Any CPU
		{D7F1A231-791A-4B34-A9B2-21282EADA82C}.Release|Any CPU.ActiveCfg = Release|Any CPU
		{D7F1A231-791A-4B34-A9B2-21282EADA82C}.Release|Any CPU.Build.0 = Release|Any CPU
		{D7F1A231-791A-4B34-A9B2-21282EADA82C}.Release|x64.ActiveCfg = Release|Any CPU
		{D7F1A231-791A-4B34-A9B2-21282EADA82C}.Release|x64.Build.0 = Release|Any CPU
		{D7F1A231-791A-4B34-A9B2-21282EADA82C}.Release|x86.ActiveCfg = Release|Any CPU
		{D7F1A231-791A-4B34-A9B2-21282EADA82C}.Release|x86.Build.0 = Release|Any CPU
		{42CDD6F5-A858-4A32-8982-E5A63689CD58}.Debug|Any CPU.ActiveCfg = Debug|Any CPU
		{42CDD6F5-A858-4A32-8982-E5A63689CD58}.Debug|Any CPU.Build.0 = Debug|Any CPU
		{42CDD6F5-A858-4A32-8982-E5A63689CD58}.Debug|x64.ActiveCfg = Debug|Any CPU
		{42CDD6F5-A858-4A32-8982-E5A63689CD58}.Debug|x64.Build.0 = Debug|Any CPU
		{42CDD6F5-A858-4A32-8982-E5A63689CD58}.Debug|x86.ActiveCfg = Debug|Any CPU
		{42CDD6F5-A858-4A32-8982-E5A63689CD58}.Debug|x86.Build.0 = Debug|Any CPU
		{42CDD6F5-A858-4A32-8982-E5A63689CD58}.Release|Any CPU.ActiveCfg = Release|Any CPU
		{42CDD6F5-A858-4A32-8982-E5A63689CD58}.Release|Any CPU.Build.0 = Release|Any CPU
		{42CDD6F5-A858-4A32-8982-E5A63689CD58}.Release|x64.ActiveCfg = Release|Any CPU
		{42CDD6F5-A858-4A32-8982-E5A63689CD58}.Release|x64.Build.0 = Release|Any CPU
		{42CDD6F5-A858-4A32-8982-E5A63689CD58}.Release|x86.ActiveCfg = Release|Any CPU
		{42CDD6F5-A858-4A32-8982-E5A63689CD58}.Release|x86.Build.0 = Release|Any CPU
		{779A5516-5209-491C-878A-63086DB3F566}.Debug|Any CPU.ActiveCfg = Debug|Any CPU
		{779A5516-5209-491C-878A-63086DB3F566}.Debug|Any CPU.Build.0 = Debug|Any CPU
		{779A5516-5209-491C-878A-63086DB3F566}.Debug|x64.ActiveCfg = Debug|Any CPU
		{779A5516-5209-491C-878A-63086DB3F566}.Debug|x64.Build.0 = Debug|Any CPU
		{779A5516-5209-491C-878A-63086DB3F566}.Debug|x86.ActiveCfg = Debug|Any CPU
		{779A5516-5209-491C-878A-63086DB3F566}.Debug|x86.Build.0 = Debug|Any CPU
		{779A5516-5209-491C-878A-63086DB3F566}.Release|Any CPU.ActiveCfg = Release|Any CPU
		{779A5516-5209-491C-878A-63086DB3F566}.Release|Any CPU.Build.0 = Release|Any CPU
		{779A5516-5209-491C-878A-63086DB3F566}.Release|x64.ActiveCfg = Release|Any CPU
		{779A5516-5209-491C-878A-63086DB3F566}.Release|x64.Build.0 = Release|Any CPU
		{779A5516-5209-491C-878A-63086DB3F566}.Release|x86.ActiveCfg = Release|Any CPU
		{779A5516-5209-491C-878A-63086DB3F566}.Release|x86.Build.0 = Release|Any CPU
		{8293EEC9-C747-46C3-B3D2-30C552620269}.Debug|Any CPU.ActiveCfg = Debug|Any CPU
		{8293EEC9-C747-46C3-B3D2-30C552620269}.Debug|Any CPU.Build.0 = Debug|Any CPU
		{8293EEC9-C747-46C3-B3D2-30C552620269}.Debug|x64.ActiveCfg = Debug|Any CPU
		{8293EEC9-C747-46C3-B3D2-30C552620269}.Debug|x64.Build.0 = Debug|Any CPU
		{8293EEC9-C747-46C3-B3D2-30C552620269}.Debug|x86.ActiveCfg = Debug|Any CPU
		{8293EEC9-C747-46C3-B3D2-30C552620269}.Debug|x86.Build.0 = Debug|Any CPU
		{8293EEC9-C747-46C3-B3D2-30C552620269}.Release|Any CPU.ActiveCfg = Release|Any CPU
		{8293EEC9-C747-46C3-B3D2-30C552620269}.Release|Any CPU.Build.0 = Release|Any CPU
		{8293EEC9-C747-46C3-B3D2-30C552620269}.Release|x64.ActiveCfg = Release|Any CPU
		{8293EEC9-C747-46C3-B3D2-30C552620269}.Release|x64.Build.0 = Release|Any CPU
		{8293EEC9-C747-46C3-B3D2-30C552620269}.Release|x86.ActiveCfg = Release|Any CPU
		{8293EEC9-C747-46C3-B3D2-30C552620269}.Release|x86.Build.0 = Release|Any CPU
		{DA4852B6-2FBD-4E5C-972C-049626152E4E}.Debug|Any CPU.ActiveCfg = Debug|Any CPU
		{DA4852B6-2FBD-4E5C-972C-049626152E4E}.Debug|Any CPU.Build.0 = Debug|Any CPU
		{DA4852B6-2FBD-4E5C-972C-049626152E4E}.Debug|x64.ActiveCfg = Debug|Any CPU
		{DA4852B6-2FBD-4E5C-972C-049626152E4E}.Debug|x64.Build.0 = Debug|Any CPU
		{DA4852B6-2FBD-4E5C-972C-049626152E4E}.Debug|x86.ActiveCfg = Debug|Any CPU
		{DA4852B6-2FBD-4E5C-972C-049626152E4E}.Debug|x86.Build.0 = Debug|Any CPU
		{DA4852B6-2FBD-4E5C-972C-049626152E4E}.Release|Any CPU.ActiveCfg = Release|Any CPU
		{DA4852B6-2FBD-4E5C-972C-049626152E4E}.Release|Any CPU.Build.0 = Release|Any CPU
		{DA4852B6-2FBD-4E5C-972C-049626152E4E}.Release|x64.ActiveCfg = Release|Any CPU
		{DA4852B6-2FBD-4E5C-972C-049626152E4E}.Release|x64.Build.0 = Release|Any CPU
		{DA4852B6-2FBD-4E5C-972C-049626152E4E}.Release|x86.ActiveCfg = Release|Any CPU
		{DA4852B6-2FBD-4E5C-972C-049626152E4E}.Release|x86.Build.0 = Release|Any CPU
		{CCBE134E-2DAB-4CE7-B9F2-4F315CDEF1FA}.Debug|Any CPU.ActiveCfg = Debug|Any CPU
		{CCBE134E-2DAB-4CE7-B9F2-4F315CDEF1FA}.Debug|Any CPU.Build.0 = Debug|Any CPU
		{CCBE134E-2DAB-4CE7-B9F2-4F315CDEF1FA}.Debug|x64.ActiveCfg = Debug|Any CPU
		{CCBE134E-2DAB-4CE7-B9F2-4F315CDEF1FA}.Debug|x64.Build.0 = Debug|Any CPU
		{CCBE134E-2DAB-4CE7-B9F2-4F315CDEF1FA}.Debug|x86.ActiveCfg = Debug|Any CPU
		{CCBE134E-2DAB-4CE7-B9F2-4F315CDEF1FA}.Debug|x86.Build.0 = Debug|Any CPU
		{CCBE134E-2DAB-4CE7-B9F2-4F315CDEF1FA}.Release|Any CPU.ActiveCfg = Release|Any CPU
		{CCBE134E-2DAB-4CE7-B9F2-4F315CDEF1FA}.Release|Any CPU.Build.0 = Release|Any CPU
		{CCBE134E-2DAB-4CE7-B9F2-4F315CDEF1FA}.Release|x64.ActiveCfg = Release|Any CPU
		{CCBE134E-2DAB-4CE7-B9F2-4F315CDEF1FA}.Release|x64.Build.0 = Release|Any CPU
		{CCBE134E-2DAB-4CE7-B9F2-4F315CDEF1FA}.Release|x86.ActiveCfg = Release|Any CPU
		{CCBE134E-2DAB-4CE7-B9F2-4F315CDEF1FA}.Release|x86.Build.0 = Release|Any CPU
		{E4E9646F-7B85-4446-9B6D-846D32BAC3F5}.Debug|Any CPU.ActiveCfg = Debug|Any CPU
		{E4E9646F-7B85-4446-9B6D-846D32BAC3F5}.Debug|Any CPU.Build.0 = Debug|Any CPU
		{E4E9646F-7B85-4446-9B6D-846D32BAC3F5}.Debug|x64.ActiveCfg = Debug|Any CPU
		{E4E9646F-7B85-4446-9B6D-846D32BAC3F5}.Debug|x64.Build.0 = Debug|Any CPU
		{E4E9646F-7B85-4446-9B6D-846D32BAC3F5}.Debug|x86.ActiveCfg = Debug|Any CPU
		{E4E9646F-7B85-4446-9B6D-846D32BAC3F5}.Debug|x86.Build.0 = Debug|Any CPU
		{E4E9646F-7B85-4446-9B6D-846D32BAC3F5}.Release|Any CPU.ActiveCfg = Release|Any CPU
		{E4E9646F-7B85-4446-9B6D-846D32BAC3F5}.Release|Any CPU.Build.0 = Release|Any CPU
		{E4E9646F-7B85-4446-9B6D-846D32BAC3F5}.Release|x64.ActiveCfg = Release|Any CPU
		{E4E9646F-7B85-4446-9B6D-846D32BAC3F5}.Release|x64.Build.0 = Release|Any CPU
		{E4E9646F-7B85-4446-9B6D-846D32BAC3F5}.Release|x86.ActiveCfg = Release|Any CPU
		{E4E9646F-7B85-4446-9B6D-846D32BAC3F5}.Release|x86.Build.0 = Release|Any CPU
		{3038B4F6-2CB4-4124-86EB-FE8D7FB3A0D7}.Debug|Any CPU.ActiveCfg = Debug|Any CPU
		{3038B4F6-2CB4-4124-86EB-FE8D7FB3A0D7}.Debug|Any CPU.Build.0 = Debug|Any CPU
		{3038B4F6-2CB4-4124-86EB-FE8D7FB3A0D7}.Debug|x64.ActiveCfg = Debug|Any CPU
		{3038B4F6-2CB4-4124-86EB-FE8D7FB3A0D7}.Debug|x64.Build.0 = Debug|Any CPU
		{3038B4F6-2CB4-4124-86EB-FE8D7FB3A0D7}.Debug|x86.ActiveCfg = Debug|Any CPU
		{3038B4F6-2CB4-4124-86EB-FE8D7FB3A0D7}.Debug|x86.Build.0 = Debug|Any CPU
		{3038B4F6-2CB4-4124-86EB-FE8D7FB3A0D7}.Release|Any CPU.ActiveCfg = Release|Any CPU
		{3038B4F6-2CB4-4124-86EB-FE8D7FB3A0D7}.Release|Any CPU.Build.0 = Release|Any CPU
		{3038B4F6-2CB4-4124-86EB-FE8D7FB3A0D7}.Release|x64.ActiveCfg = Release|Any CPU
		{3038B4F6-2CB4-4124-86EB-FE8D7FB3A0D7}.Release|x64.Build.0 = Release|Any CPU
		{3038B4F6-2CB4-4124-86EB-FE8D7FB3A0D7}.Release|x86.ActiveCfg = Release|Any CPU
		{3038B4F6-2CB4-4124-86EB-FE8D7FB3A0D7}.Release|x86.Build.0 = Release|Any CPU
		{E27BC1CD-D6DF-4EEE-B340-5424BE442AC5}.Debug|Any CPU.ActiveCfg = Debug|Any CPU
		{E27BC1CD-D6DF-4EEE-B340-5424BE442AC5}.Debug|Any CPU.Build.0 = Debug|Any CPU
		{E27BC1CD-D6DF-4EEE-B340-5424BE442AC5}.Debug|x64.ActiveCfg = Debug|Any CPU
		{E27BC1CD-D6DF-4EEE-B340-5424BE442AC5}.Debug|x64.Build.0 = Debug|Any CPU
		{E27BC1CD-D6DF-4EEE-B340-5424BE442AC5}.Debug|x86.ActiveCfg = Debug|Any CPU
		{E27BC1CD-D6DF-4EEE-B340-5424BE442AC5}.Debug|x86.Build.0 = Debug|Any CPU
		{E27BC1CD-D6DF-4EEE-B340-5424BE442AC5}.Release|Any CPU.ActiveCfg = Release|Any CPU
		{E27BC1CD-D6DF-4EEE-B340-5424BE442AC5}.Release|Any CPU.Build.0 = Release|Any CPU
		{E27BC1CD-D6DF-4EEE-B340-5424BE442AC5}.Release|x64.ActiveCfg = Release|Any CPU
		{E27BC1CD-D6DF-4EEE-B340-5424BE442AC5}.Release|x64.Build.0 = Release|Any CPU
		{E27BC1CD-D6DF-4EEE-B340-5424BE442AC5}.Release|x86.ActiveCfg = Release|Any CPU
		{E27BC1CD-D6DF-4EEE-B340-5424BE442AC5}.Release|x86.Build.0 = Release|Any CPU
		{793F6EA6-6842-4E8F-908D-C7423734E385}.Debug|Any CPU.ActiveCfg = Debug|Any CPU
		{793F6EA6-6842-4E8F-908D-C7423734E385}.Debug|Any CPU.Build.0 = Debug|Any CPU
		{793F6EA6-6842-4E8F-908D-C7423734E385}.Debug|x64.ActiveCfg = Debug|Any CPU
		{793F6EA6-6842-4E8F-908D-C7423734E385}.Debug|x64.Build.0 = Debug|Any CPU
		{793F6EA6-6842-4E8F-908D-C7423734E385}.Debug|x86.ActiveCfg = Debug|Any CPU
		{793F6EA6-6842-4E8F-908D-C7423734E385}.Debug|x86.Build.0 = Debug|Any CPU
		{793F6EA6-6842-4E8F-908D-C7423734E385}.Release|Any CPU.ActiveCfg = Release|Any CPU
		{793F6EA6-6842-4E8F-908D-C7423734E385}.Release|Any CPU.Build.0 = Release|Any CPU
		{793F6EA6-6842-4E8F-908D-C7423734E385}.Release|x64.ActiveCfg = Release|Any CPU
		{793F6EA6-6842-4E8F-908D-C7423734E385}.Release|x64.Build.0 = Release|Any CPU
		{793F6EA6-6842-4E8F-908D-C7423734E385}.Release|x86.ActiveCfg = Release|Any CPU
		{793F6EA6-6842-4E8F-908D-C7423734E385}.Release|x86.Build.0 = Release|Any CPU
		{8D22A73C-581D-4A85-917F-C56DFB386C6F}.Debug|Any CPU.ActiveCfg = Debug|Any CPU
		{8D22A73C-581D-4A85-917F-C56DFB386C6F}.Debug|Any CPU.Build.0 = Debug|Any CPU
		{8D22A73C-581D-4A85-917F-C56DFB386C6F}.Debug|x64.ActiveCfg = Debug|Any CPU
		{8D22A73C-581D-4A85-917F-C56DFB386C6F}.Debug|x64.Build.0 = Debug|Any CPU
		{8D22A73C-581D-4A85-917F-C56DFB386C6F}.Debug|x86.ActiveCfg = Debug|Any CPU
		{8D22A73C-581D-4A85-917F-C56DFB386C6F}.Debug|x86.Build.0 = Debug|Any CPU
		{8D22A73C-581D-4A85-917F-C56DFB386C6F}.Release|Any CPU.ActiveCfg = Release|Any CPU
		{8D22A73C-581D-4A85-917F-C56DFB386C6F}.Release|Any CPU.Build.0 = Release|Any CPU
		{8D22A73C-581D-4A85-917F-C56DFB386C6F}.Release|x64.ActiveCfg = Release|Any CPU
		{8D22A73C-581D-4A85-917F-C56DFB386C6F}.Release|x64.Build.0 = Release|Any CPU
		{8D22A73C-581D-4A85-917F-C56DFB386C6F}.Release|x86.ActiveCfg = Release|Any CPU
		{8D22A73C-581D-4A85-917F-C56DFB386C6F}.Release|x86.Build.0 = Release|Any CPU
		{DA7F7106-23D0-4DC2-8B71-43A15A6BBDE8}.Debug|Any CPU.ActiveCfg = Debug|Any CPU
		{DA7F7106-23D0-4DC2-8B71-43A15A6BBDE8}.Debug|Any CPU.Build.0 = Debug|Any CPU
		{DA7F7106-23D0-4DC2-8B71-43A15A6BBDE8}.Debug|x64.ActiveCfg = Debug|Any CPU
		{DA7F7106-23D0-4DC2-8B71-43A15A6BBDE8}.Debug|x64.Build.0 = Debug|Any CPU
		{DA7F7106-23D0-4DC2-8B71-43A15A6BBDE8}.Debug|x86.ActiveCfg = Debug|Any CPU
		{DA7F7106-23D0-4DC2-8B71-43A15A6BBDE8}.Debug|x86.Build.0 = Debug|Any CPU
		{DA7F7106-23D0-4DC2-8B71-43A15A6BBDE8}.Release|Any CPU.ActiveCfg = Release|Any CPU
		{DA7F7106-23D0-4DC2-8B71-43A15A6BBDE8}.Release|Any CPU.Build.0 = Release|Any CPU
		{DA7F7106-23D0-4DC2-8B71-43A15A6BBDE8}.Release|x64.ActiveCfg = Release|Any CPU
		{DA7F7106-23D0-4DC2-8B71-43A15A6BBDE8}.Release|x64.Build.0 = Release|Any CPU
		{DA7F7106-23D0-4DC2-8B71-43A15A6BBDE8}.Release|x86.ActiveCfg = Release|Any CPU
		{DA7F7106-23D0-4DC2-8B71-43A15A6BBDE8}.Release|x86.Build.0 = Release|Any CPU
		{9892ED34-E662-48A2-95AB-F1655412081C}.Debug|Any CPU.ActiveCfg = Debug|Any CPU
		{9892ED34-E662-48A2-95AB-F1655412081C}.Debug|Any CPU.Build.0 = Debug|Any CPU
		{9892ED34-E662-48A2-95AB-F1655412081C}.Debug|x64.ActiveCfg = Debug|Any CPU
		{9892ED34-E662-48A2-95AB-F1655412081C}.Debug|x64.Build.0 = Debug|Any CPU
		{9892ED34-E662-48A2-95AB-F1655412081C}.Debug|x86.ActiveCfg = Debug|Any CPU
		{9892ED34-E662-48A2-95AB-F1655412081C}.Debug|x86.Build.0 = Debug|Any CPU
		{9892ED34-E662-48A2-95AB-F1655412081C}.Release|Any CPU.ActiveCfg = Release|Any CPU
		{9892ED34-E662-48A2-95AB-F1655412081C}.Release|Any CPU.Build.0 = Release|Any CPU
		{9892ED34-E662-48A2-95AB-F1655412081C}.Release|x64.ActiveCfg = Release|Any CPU
		{9892ED34-E662-48A2-95AB-F1655412081C}.Release|x64.Build.0 = Release|Any CPU
		{9892ED34-E662-48A2-95AB-F1655412081C}.Release|x86.ActiveCfg = Release|Any CPU
		{9892ED34-E662-48A2-95AB-F1655412081C}.Release|x86.Build.0 = Release|Any CPU
		{55094771-469E-4E1A-8E7B-C7B915E023D0}.Debug|Any CPU.ActiveCfg = Debug|Any CPU
		{55094771-469E-4E1A-8E7B-C7B915E023D0}.Debug|Any CPU.Build.0 = Debug|Any CPU
		{55094771-469E-4E1A-8E7B-C7B915E023D0}.Debug|x64.ActiveCfg = Debug|Any CPU
		{55094771-469E-4E1A-8E7B-C7B915E023D0}.Debug|x64.Build.0 = Debug|Any CPU
		{55094771-469E-4E1A-8E7B-C7B915E023D0}.Debug|x86.ActiveCfg = Debug|Any CPU
		{55094771-469E-4E1A-8E7B-C7B915E023D0}.Debug|x86.Build.0 = Debug|Any CPU
		{55094771-469E-4E1A-8E7B-C7B915E023D0}.Release|Any CPU.ActiveCfg = Release|Any CPU
		{55094771-469E-4E1A-8E7B-C7B915E023D0}.Release|Any CPU.Build.0 = Release|Any CPU
		{55094771-469E-4E1A-8E7B-C7B915E023D0}.Release|x64.ActiveCfg = Release|Any CPU
		{55094771-469E-4E1A-8E7B-C7B915E023D0}.Release|x64.Build.0 = Release|Any CPU
		{55094771-469E-4E1A-8E7B-C7B915E023D0}.Release|x86.ActiveCfg = Release|Any CPU
		{55094771-469E-4E1A-8E7B-C7B915E023D0}.Release|x86.Build.0 = Release|Any CPU
		{50A948F4-EF18-4591-8CA9-564909B630A1}.Debug|Any CPU.ActiveCfg = Debug|Any CPU
		{50A948F4-EF18-4591-8CA9-564909B630A1}.Debug|Any CPU.Build.0 = Debug|Any CPU
		{50A948F4-EF18-4591-8CA9-564909B630A1}.Debug|x64.ActiveCfg = Debug|Any CPU
		{50A948F4-EF18-4591-8CA9-564909B630A1}.Debug|x64.Build.0 = Debug|Any CPU
		{50A948F4-EF18-4591-8CA9-564909B630A1}.Debug|x86.ActiveCfg = Debug|Any CPU
		{50A948F4-EF18-4591-8CA9-564909B630A1}.Debug|x86.Build.0 = Debug|Any CPU
		{50A948F4-EF18-4591-8CA9-564909B630A1}.Release|Any CPU.ActiveCfg = Release|Any CPU
		{50A948F4-EF18-4591-8CA9-564909B630A1}.Release|Any CPU.Build.0 = Release|Any CPU
		{50A948F4-EF18-4591-8CA9-564909B630A1}.Release|x64.ActiveCfg = Release|Any CPU
		{50A948F4-EF18-4591-8CA9-564909B630A1}.Release|x64.Build.0 = Release|Any CPU
		{50A948F4-EF18-4591-8CA9-564909B630A1}.Release|x86.ActiveCfg = Release|Any CPU
		{50A948F4-EF18-4591-8CA9-564909B630A1}.Release|x86.Build.0 = Release|Any CPU
		{A3BDBA44-A720-48FA-8914-736B79830CE9}.Debug|Any CPU.ActiveCfg = Debug|Any CPU
		{A3BDBA44-A720-48FA-8914-736B79830CE9}.Debug|Any CPU.Build.0 = Debug|Any CPU
		{A3BDBA44-A720-48FA-8914-736B79830CE9}.Debug|x64.ActiveCfg = Debug|Any CPU
		{A3BDBA44-A720-48FA-8914-736B79830CE9}.Debug|x64.Build.0 = Debug|Any CPU
		{A3BDBA44-A720-48FA-8914-736B79830CE9}.Debug|x86.ActiveCfg = Debug|Any CPU
		{A3BDBA44-A720-48FA-8914-736B79830CE9}.Debug|x86.Build.0 = Debug|Any CPU
		{A3BDBA44-A720-48FA-8914-736B79830CE9}.Release|Any CPU.ActiveCfg = Release|Any CPU
		{A3BDBA44-A720-48FA-8914-736B79830CE9}.Release|Any CPU.Build.0 = Release|Any CPU
		{A3BDBA44-A720-48FA-8914-736B79830CE9}.Release|x64.ActiveCfg = Release|Any CPU
		{A3BDBA44-A720-48FA-8914-736B79830CE9}.Release|x64.Build.0 = Release|Any CPU
		{A3BDBA44-A720-48FA-8914-736B79830CE9}.Release|x86.ActiveCfg = Release|Any CPU
		{A3BDBA44-A720-48FA-8914-736B79830CE9}.Release|x86.Build.0 = Release|Any CPU
		{192ECC49-3C79-48CD-A49B-296CC47546F5}.Debug|Any CPU.ActiveCfg = Debug|Any CPU
		{192ECC49-3C79-48CD-A49B-296CC47546F5}.Debug|Any CPU.Build.0 = Debug|Any CPU
		{192ECC49-3C79-48CD-A49B-296CC47546F5}.Debug|x64.ActiveCfg = Debug|Any CPU
		{192ECC49-3C79-48CD-A49B-296CC47546F5}.Debug|x64.Build.0 = Debug|Any CPU
		{192ECC49-3C79-48CD-A49B-296CC47546F5}.Debug|x86.ActiveCfg = Debug|Any CPU
		{192ECC49-3C79-48CD-A49B-296CC47546F5}.Debug|x86.Build.0 = Debug|Any CPU
		{192ECC49-3C79-48CD-A49B-296CC47546F5}.Release|Any CPU.ActiveCfg = Release|Any CPU
		{192ECC49-3C79-48CD-A49B-296CC47546F5}.Release|Any CPU.Build.0 = Release|Any CPU
		{192ECC49-3C79-48CD-A49B-296CC47546F5}.Release|x64.ActiveCfg = Release|Any CPU
		{192ECC49-3C79-48CD-A49B-296CC47546F5}.Release|x64.Build.0 = Release|Any CPU
		{192ECC49-3C79-48CD-A49B-296CC47546F5}.Release|x86.ActiveCfg = Release|Any CPU
		{192ECC49-3C79-48CD-A49B-296CC47546F5}.Release|x86.Build.0 = Release|Any CPU
		{FAC76C2D-D586-4231-BF60-7766969BBD60}.Debug|Any CPU.ActiveCfg = Debug|Any CPU
		{FAC76C2D-D586-4231-BF60-7766969BBD60}.Debug|Any CPU.Build.0 = Debug|Any CPU
		{FAC76C2D-D586-4231-BF60-7766969BBD60}.Debug|x64.ActiveCfg = Debug|Any CPU
		{FAC76C2D-D586-4231-BF60-7766969BBD60}.Debug|x64.Build.0 = Debug|Any CPU
		{FAC76C2D-D586-4231-BF60-7766969BBD60}.Debug|x86.ActiveCfg = Debug|Any CPU
		{FAC76C2D-D586-4231-BF60-7766969BBD60}.Debug|x86.Build.0 = Debug|Any CPU
		{FAC76C2D-D586-4231-BF60-7766969BBD60}.Release|Any CPU.ActiveCfg = Release|Any CPU
		{FAC76C2D-D586-4231-BF60-7766969BBD60}.Release|Any CPU.Build.0 = Release|Any CPU
		{FAC76C2D-D586-4231-BF60-7766969BBD60}.Release|x64.ActiveCfg = Release|Any CPU
		{FAC76C2D-D586-4231-BF60-7766969BBD60}.Release|x64.Build.0 = Release|Any CPU
		{FAC76C2D-D586-4231-BF60-7766969BBD60}.Release|x86.ActiveCfg = Release|Any CPU
		{FAC76C2D-D586-4231-BF60-7766969BBD60}.Release|x86.Build.0 = Release|Any CPU
		{1E379202-AE6A-4A0A-BFE9-C1C0D4605143}.Debug|Any CPU.ActiveCfg = Debug|Any CPU
		{1E379202-AE6A-4A0A-BFE9-C1C0D4605143}.Debug|Any CPU.Build.0 = Debug|Any CPU
		{1E379202-AE6A-4A0A-BFE9-C1C0D4605143}.Debug|x64.ActiveCfg = Debug|Any CPU
		{1E379202-AE6A-4A0A-BFE9-C1C0D4605143}.Debug|x64.Build.0 = Debug|Any CPU
		{1E379202-AE6A-4A0A-BFE9-C1C0D4605143}.Debug|x86.ActiveCfg = Debug|Any CPU
		{1E379202-AE6A-4A0A-BFE9-C1C0D4605143}.Debug|x86.Build.0 = Debug|Any CPU
		{1E379202-AE6A-4A0A-BFE9-C1C0D4605143}.Release|Any CPU.ActiveCfg = Release|Any CPU
		{1E379202-AE6A-4A0A-BFE9-C1C0D4605143}.Release|Any CPU.Build.0 = Release|Any CPU
		{1E379202-AE6A-4A0A-BFE9-C1C0D4605143}.Release|x64.ActiveCfg = Release|Any CPU
		{1E379202-AE6A-4A0A-BFE9-C1C0D4605143}.Release|x64.Build.0 = Release|Any CPU
		{1E379202-AE6A-4A0A-BFE9-C1C0D4605143}.Release|x86.ActiveCfg = Release|Any CPU
		{1E379202-AE6A-4A0A-BFE9-C1C0D4605143}.Release|x86.Build.0 = Release|Any CPU
		{45104F9C-A786-442B-8202-B965530AE20E}.Debug|Any CPU.ActiveCfg = Debug|Any CPU
		{45104F9C-A786-442B-8202-B965530AE20E}.Debug|Any CPU.Build.0 = Debug|Any CPU
		{45104F9C-A786-442B-8202-B965530AE20E}.Debug|x64.ActiveCfg = Debug|Any CPU
		{45104F9C-A786-442B-8202-B965530AE20E}.Debug|x64.Build.0 = Debug|Any CPU
		{45104F9C-A786-442B-8202-B965530AE20E}.Debug|x86.ActiveCfg = Debug|Any CPU
		{45104F9C-A786-442B-8202-B965530AE20E}.Debug|x86.Build.0 = Debug|Any CPU
		{45104F9C-A786-442B-8202-B965530AE20E}.Release|Any CPU.ActiveCfg = Release|Any CPU
		{45104F9C-A786-442B-8202-B965530AE20E}.Release|Any CPU.Build.0 = Release|Any CPU
		{45104F9C-A786-442B-8202-B965530AE20E}.Release|x64.ActiveCfg = Release|Any CPU
		{45104F9C-A786-442B-8202-B965530AE20E}.Release|x64.Build.0 = Release|Any CPU
		{45104F9C-A786-442B-8202-B965530AE20E}.Release|x86.ActiveCfg = Release|Any CPU
		{45104F9C-A786-442B-8202-B965530AE20E}.Release|x86.Build.0 = Release|Any CPU
		{2A8189FE-0E9B-474F-91E7-A92C7C302A43}.Debug|Any CPU.ActiveCfg = Debug|Any CPU
		{2A8189FE-0E9B-474F-91E7-A92C7C302A43}.Debug|Any CPU.Build.0 = Debug|Any CPU
		{2A8189FE-0E9B-474F-91E7-A92C7C302A43}.Debug|x64.ActiveCfg = Debug|Any CPU
		{2A8189FE-0E9B-474F-91E7-A92C7C302A43}.Debug|x64.Build.0 = Debug|Any CPU
		{2A8189FE-0E9B-474F-91E7-A92C7C302A43}.Debug|x86.ActiveCfg = Debug|Any CPU
		{2A8189FE-0E9B-474F-91E7-A92C7C302A43}.Debug|x86.Build.0 = Debug|Any CPU
		{2A8189FE-0E9B-474F-91E7-A92C7C302A43}.Release|Any CPU.ActiveCfg = Release|Any CPU
		{2A8189FE-0E9B-474F-91E7-A92C7C302A43}.Release|Any CPU.Build.0 = Release|Any CPU
		{2A8189FE-0E9B-474F-91E7-A92C7C302A43}.Release|x64.ActiveCfg = Release|Any CPU
		{2A8189FE-0E9B-474F-91E7-A92C7C302A43}.Release|x64.Build.0 = Release|Any CPU
		{2A8189FE-0E9B-474F-91E7-A92C7C302A43}.Release|x86.ActiveCfg = Release|Any CPU
		{2A8189FE-0E9B-474F-91E7-A92C7C302A43}.Release|x86.Build.0 = Release|Any CPU
		{00EE8632-007B-406B-9CF8-F0CE38A5FEB0}.Debug|Any CPU.ActiveCfg = Debug|Any CPU
		{00EE8632-007B-406B-9CF8-F0CE38A5FEB0}.Debug|Any CPU.Build.0 = Debug|Any CPU
		{00EE8632-007B-406B-9CF8-F0CE38A5FEB0}.Debug|x64.ActiveCfg = Debug|Any CPU
		{00EE8632-007B-406B-9CF8-F0CE38A5FEB0}.Debug|x64.Build.0 = Debug|Any CPU
		{00EE8632-007B-406B-9CF8-F0CE38A5FEB0}.Debug|x86.ActiveCfg = Debug|Any CPU
		{00EE8632-007B-406B-9CF8-F0CE38A5FEB0}.Debug|x86.Build.0 = Debug|Any CPU
		{00EE8632-007B-406B-9CF8-F0CE38A5FEB0}.Release|Any CPU.ActiveCfg = Release|Any CPU
		{00EE8632-007B-406B-9CF8-F0CE38A5FEB0}.Release|Any CPU.Build.0 = Release|Any CPU
		{00EE8632-007B-406B-9CF8-F0CE38A5FEB0}.Release|x64.ActiveCfg = Release|Any CPU
		{00EE8632-007B-406B-9CF8-F0CE38A5FEB0}.Release|x64.Build.0 = Release|Any CPU
		{00EE8632-007B-406B-9CF8-F0CE38A5FEB0}.Release|x86.ActiveCfg = Release|Any CPU
		{00EE8632-007B-406B-9CF8-F0CE38A5FEB0}.Release|x86.Build.0 = Release|Any CPU
		{1565B041-B687-4EF1-B27D-B0F9A927847B}.Debug|Any CPU.ActiveCfg = Debug|Any CPU
		{1565B041-B687-4EF1-B27D-B0F9A927847B}.Debug|Any CPU.Build.0 = Debug|Any CPU
		{1565B041-B687-4EF1-B27D-B0F9A927847B}.Debug|x64.ActiveCfg = Debug|Any CPU
		{1565B041-B687-4EF1-B27D-B0F9A927847B}.Debug|x64.Build.0 = Debug|Any CPU
		{1565B041-B687-4EF1-B27D-B0F9A927847B}.Debug|x86.ActiveCfg = Debug|Any CPU
		{1565B041-B687-4EF1-B27D-B0F9A927847B}.Debug|x86.Build.0 = Debug|Any CPU
		{1565B041-B687-4EF1-B27D-B0F9A927847B}.Release|Any CPU.ActiveCfg = Release|Any CPU
		{1565B041-B687-4EF1-B27D-B0F9A927847B}.Release|Any CPU.Build.0 = Release|Any CPU
		{1565B041-B687-4EF1-B27D-B0F9A927847B}.Release|x64.ActiveCfg = Release|Any CPU
		{1565B041-B687-4EF1-B27D-B0F9A927847B}.Release|x64.Build.0 = Release|Any CPU
		{1565B041-B687-4EF1-B27D-B0F9A927847B}.Release|x86.ActiveCfg = Release|Any CPU
		{1565B041-B687-4EF1-B27D-B0F9A927847B}.Release|x86.Build.0 = Release|Any CPU
		{E444200C-5B5D-42C0-88C5-D0E2C11A393F}.Debug|Any CPU.ActiveCfg = Debug|Any CPU
		{E444200C-5B5D-42C0-88C5-D0E2C11A393F}.Debug|Any CPU.Build.0 = Debug|Any CPU
		{E444200C-5B5D-42C0-88C5-D0E2C11A393F}.Debug|x64.ActiveCfg = Debug|Any CPU
		{E444200C-5B5D-42C0-88C5-D0E2C11A393F}.Debug|x64.Build.0 = Debug|Any CPU
		{E444200C-5B5D-42C0-88C5-D0E2C11A393F}.Debug|x86.ActiveCfg = Debug|Any CPU
		{E444200C-5B5D-42C0-88C5-D0E2C11A393F}.Debug|x86.Build.0 = Debug|Any CPU
		{E444200C-5B5D-42C0-88C5-D0E2C11A393F}.Release|Any CPU.ActiveCfg = Release|Any CPU
		{E444200C-5B5D-42C0-88C5-D0E2C11A393F}.Release|Any CPU.Build.0 = Release|Any CPU
		{E444200C-5B5D-42C0-88C5-D0E2C11A393F}.Release|x64.ActiveCfg = Release|Any CPU
		{E444200C-5B5D-42C0-88C5-D0E2C11A393F}.Release|x64.Build.0 = Release|Any CPU
		{E444200C-5B5D-42C0-88C5-D0E2C11A393F}.Release|x86.ActiveCfg = Release|Any CPU
		{E444200C-5B5D-42C0-88C5-D0E2C11A393F}.Release|x86.Build.0 = Release|Any CPU
		{28D2FC99-9DB4-4F15-A99E-F5A76DE7B13A}.Debug|Any CPU.ActiveCfg = Debug|Any CPU
		{28D2FC99-9DB4-4F15-A99E-F5A76DE7B13A}.Debug|Any CPU.Build.0 = Debug|Any CPU
		{28D2FC99-9DB4-4F15-A99E-F5A76DE7B13A}.Debug|x64.ActiveCfg = Debug|Any CPU
		{28D2FC99-9DB4-4F15-A99E-F5A76DE7B13A}.Debug|x64.Build.0 = Debug|Any CPU
		{28D2FC99-9DB4-4F15-A99E-F5A76DE7B13A}.Debug|x86.ActiveCfg = Debug|Any CPU
		{28D2FC99-9DB4-4F15-A99E-F5A76DE7B13A}.Debug|x86.Build.0 = Debug|Any CPU
		{28D2FC99-9DB4-4F15-A99E-F5A76DE7B13A}.Release|Any CPU.ActiveCfg = Release|Any CPU
		{28D2FC99-9DB4-4F15-A99E-F5A76DE7B13A}.Release|Any CPU.Build.0 = Release|Any CPU
		{28D2FC99-9DB4-4F15-A99E-F5A76DE7B13A}.Release|x64.ActiveCfg = Release|Any CPU
		{28D2FC99-9DB4-4F15-A99E-F5A76DE7B13A}.Release|x64.Build.0 = Release|Any CPU
		{28D2FC99-9DB4-4F15-A99E-F5A76DE7B13A}.Release|x86.ActiveCfg = Release|Any CPU
		{28D2FC99-9DB4-4F15-A99E-F5A76DE7B13A}.Release|x86.Build.0 = Release|Any CPU
		{F81D94AB-E336-405D-B7E3-8AC97EE4E758}.Debug|Any CPU.ActiveCfg = Debug|Any CPU
		{F81D94AB-E336-405D-B7E3-8AC97EE4E758}.Debug|Any CPU.Build.0 = Debug|Any CPU
		{F81D94AB-E336-405D-B7E3-8AC97EE4E758}.Debug|x64.ActiveCfg = Debug|Any CPU
		{F81D94AB-E336-405D-B7E3-8AC97EE4E758}.Debug|x64.Build.0 = Debug|Any CPU
		{F81D94AB-E336-405D-B7E3-8AC97EE4E758}.Debug|x86.ActiveCfg = Debug|Any CPU
		{F81D94AB-E336-405D-B7E3-8AC97EE4E758}.Debug|x86.Build.0 = Debug|Any CPU
		{F81D94AB-E336-405D-B7E3-8AC97EE4E758}.Release|Any CPU.ActiveCfg = Release|Any CPU
		{F81D94AB-E336-405D-B7E3-8AC97EE4E758}.Release|Any CPU.Build.0 = Release|Any CPU
		{F81D94AB-E336-405D-B7E3-8AC97EE4E758}.Release|x64.ActiveCfg = Release|Any CPU
		{F81D94AB-E336-405D-B7E3-8AC97EE4E758}.Release|x64.Build.0 = Release|Any CPU
		{F81D94AB-E336-405D-B7E3-8AC97EE4E758}.Release|x86.ActiveCfg = Release|Any CPU
		{F81D94AB-E336-405D-B7E3-8AC97EE4E758}.Release|x86.Build.0 = Release|Any CPU
		{192C9441-BA98-41D4-A27E-D7DE95BB46F7}.Debug|Any CPU.ActiveCfg = Debug|Any CPU
		{192C9441-BA98-41D4-A27E-D7DE95BB46F7}.Debug|Any CPU.Build.0 = Debug|Any CPU
		{192C9441-BA98-41D4-A27E-D7DE95BB46F7}.Debug|x64.ActiveCfg = Debug|Any CPU
		{192C9441-BA98-41D4-A27E-D7DE95BB46F7}.Debug|x64.Build.0 = Debug|Any CPU
		{192C9441-BA98-41D4-A27E-D7DE95BB46F7}.Debug|x86.ActiveCfg = Debug|Any CPU
		{192C9441-BA98-41D4-A27E-D7DE95BB46F7}.Debug|x86.Build.0 = Debug|Any CPU
		{192C9441-BA98-41D4-A27E-D7DE95BB46F7}.Release|Any CPU.ActiveCfg = Release|Any CPU
		{192C9441-BA98-41D4-A27E-D7DE95BB46F7}.Release|Any CPU.Build.0 = Release|Any CPU
		{192C9441-BA98-41D4-A27E-D7DE95BB46F7}.Release|x64.ActiveCfg = Release|Any CPU
		{192C9441-BA98-41D4-A27E-D7DE95BB46F7}.Release|x64.Build.0 = Release|Any CPU
		{192C9441-BA98-41D4-A27E-D7DE95BB46F7}.Release|x86.ActiveCfg = Release|Any CPU
		{192C9441-BA98-41D4-A27E-D7DE95BB46F7}.Release|x86.Build.0 = Release|Any CPU
		{D592C239-AFAD-4596-8FE9-BBEA4977B258}.Debug|Any CPU.ActiveCfg = Debug|Any CPU
		{D592C239-AFAD-4596-8FE9-BBEA4977B258}.Debug|Any CPU.Build.0 = Debug|Any CPU
		{D592C239-AFAD-4596-8FE9-BBEA4977B258}.Debug|x64.ActiveCfg = Debug|Any CPU
		{D592C239-AFAD-4596-8FE9-BBEA4977B258}.Debug|x64.Build.0 = Debug|Any CPU
		{D592C239-AFAD-4596-8FE9-BBEA4977B258}.Debug|x86.ActiveCfg = Debug|Any CPU
		{D592C239-AFAD-4596-8FE9-BBEA4977B258}.Debug|x86.Build.0 = Debug|Any CPU
		{D592C239-AFAD-4596-8FE9-BBEA4977B258}.Release|Any CPU.ActiveCfg = Release|Any CPU
		{D592C239-AFAD-4596-8FE9-BBEA4977B258}.Release|Any CPU.Build.0 = Release|Any CPU
		{D592C239-AFAD-4596-8FE9-BBEA4977B258}.Release|x64.ActiveCfg = Release|Any CPU
		{D592C239-AFAD-4596-8FE9-BBEA4977B258}.Release|x64.Build.0 = Release|Any CPU
		{D592C239-AFAD-4596-8FE9-BBEA4977B258}.Release|x86.ActiveCfg = Release|Any CPU
		{D592C239-AFAD-4596-8FE9-BBEA4977B258}.Release|x86.Build.0 = Release|Any CPU
		{33AA9C01-0E8E-4960-AE8C-550C3B13F84A}.Debug|Any CPU.ActiveCfg = Debug|Any CPU
		{33AA9C01-0E8E-4960-AE8C-550C3B13F84A}.Debug|Any CPU.Build.0 = Debug|Any CPU
		{33AA9C01-0E8E-4960-AE8C-550C3B13F84A}.Debug|x64.ActiveCfg = Debug|Any CPU
		{33AA9C01-0E8E-4960-AE8C-550C3B13F84A}.Debug|x64.Build.0 = Debug|Any CPU
		{33AA9C01-0E8E-4960-AE8C-550C3B13F84A}.Debug|x86.ActiveCfg = Debug|Any CPU
		{33AA9C01-0E8E-4960-AE8C-550C3B13F84A}.Debug|x86.Build.0 = Debug|Any CPU
		{33AA9C01-0E8E-4960-AE8C-550C3B13F84A}.Release|Any CPU.ActiveCfg = Release|Any CPU
		{33AA9C01-0E8E-4960-AE8C-550C3B13F84A}.Release|Any CPU.Build.0 = Release|Any CPU
		{33AA9C01-0E8E-4960-AE8C-550C3B13F84A}.Release|x64.ActiveCfg = Release|Any CPU
		{33AA9C01-0E8E-4960-AE8C-550C3B13F84A}.Release|x64.Build.0 = Release|Any CPU
		{33AA9C01-0E8E-4960-AE8C-550C3B13F84A}.Release|x86.ActiveCfg = Release|Any CPU
		{33AA9C01-0E8E-4960-AE8C-550C3B13F84A}.Release|x86.Build.0 = Release|Any CPU
		{FD79C25F-87CD-47C6-87B2-F497AEA4A12D}.Debug|Any CPU.ActiveCfg = Debug|Any CPU
		{FD79C25F-87CD-47C6-87B2-F497AEA4A12D}.Debug|Any CPU.Build.0 = Debug|Any CPU
		{FD79C25F-87CD-47C6-87B2-F497AEA4A12D}.Debug|x64.ActiveCfg = Debug|Any CPU
		{FD79C25F-87CD-47C6-87B2-F497AEA4A12D}.Debug|x64.Build.0 = Debug|Any CPU
		{FD79C25F-87CD-47C6-87B2-F497AEA4A12D}.Debug|x86.ActiveCfg = Debug|Any CPU
		{FD79C25F-87CD-47C6-87B2-F497AEA4A12D}.Debug|x86.Build.0 = Debug|Any CPU
		{FD79C25F-87CD-47C6-87B2-F497AEA4A12D}.Release|Any CPU.ActiveCfg = Release|Any CPU
		{FD79C25F-87CD-47C6-87B2-F497AEA4A12D}.Release|Any CPU.Build.0 = Release|Any CPU
		{FD79C25F-87CD-47C6-87B2-F497AEA4A12D}.Release|x64.ActiveCfg = Release|Any CPU
		{FD79C25F-87CD-47C6-87B2-F497AEA4A12D}.Release|x64.Build.0 = Release|Any CPU
		{FD79C25F-87CD-47C6-87B2-F497AEA4A12D}.Release|x86.ActiveCfg = Release|Any CPU
		{FD79C25F-87CD-47C6-87B2-F497AEA4A12D}.Release|x86.Build.0 = Release|Any CPU
		{F723B0BB-C5EA-4EBE-B3D5-50682F45EA80}.Debug|Any CPU.ActiveCfg = Debug|Any CPU
		{F723B0BB-C5EA-4EBE-B3D5-50682F45EA80}.Debug|Any CPU.Build.0 = Debug|Any CPU
		{F723B0BB-C5EA-4EBE-B3D5-50682F45EA80}.Debug|x64.ActiveCfg = Debug|Any CPU
		{F723B0BB-C5EA-4EBE-B3D5-50682F45EA80}.Debug|x64.Build.0 = Debug|Any CPU
		{F723B0BB-C5EA-4EBE-B3D5-50682F45EA80}.Debug|x86.ActiveCfg = Debug|Any CPU
		{F723B0BB-C5EA-4EBE-B3D5-50682F45EA80}.Debug|x86.Build.0 = Debug|Any CPU
		{F723B0BB-C5EA-4EBE-B3D5-50682F45EA80}.Release|Any CPU.ActiveCfg = Release|Any CPU
		{F723B0BB-C5EA-4EBE-B3D5-50682F45EA80}.Release|Any CPU.Build.0 = Release|Any CPU
		{F723B0BB-C5EA-4EBE-B3D5-50682F45EA80}.Release|x64.ActiveCfg = Release|Any CPU
		{F723B0BB-C5EA-4EBE-B3D5-50682F45EA80}.Release|x64.Build.0 = Release|Any CPU
		{F723B0BB-C5EA-4EBE-B3D5-50682F45EA80}.Release|x86.ActiveCfg = Release|Any CPU
		{F723B0BB-C5EA-4EBE-B3D5-50682F45EA80}.Release|x86.Build.0 = Release|Any CPU
	EndGlobalSection
	GlobalSection(SolutionProperties) = preSolution
		HideSolutionNode = FALSE
	EndGlobalSection
	GlobalSection(NestedProjects) = preSolution
		{0D88B727-CA5D-48DB-835B-E90C8E282DA7} = {322AAFB0-04E1-42B9-B9F1-B836E12E1FCD}
		{15948D13-B424-4DF3-B341-36CCB97D4D9F} = {823AD0CF-E764-4113-A166-6A615A4B928F}
		{404B2AB4-CAFA-4AF7-9593-F231A25A973C} = {322AAFB0-04E1-42B9-B9F1-B836E12E1FCD}
		{596A8193-7A5D-4055-BB8C-D2F27E1C6B94} = {404B2AB4-CAFA-4AF7-9593-F231A25A973C}
		{0F1F75EF-8755-499B-8A28-F6653EB29FED} = {404B2AB4-CAFA-4AF7-9593-F231A25A973C}
		{295450C6-C37F-4AA7-A59A-1BFFF352D0EA} = {404B2AB4-CAFA-4AF7-9593-F231A25A973C}
		{05451402-CA5D-4474-A8BE-8E534AD17748} = {0D88B727-CA5D-48DB-835B-E90C8E282DA7}
		{823AD0CF-E764-4113-A166-6A615A4B928F} = {322AAFB0-04E1-42B9-B9F1-B836E12E1FCD}
		{F872A038-D325-4718-B0A0-4CBCEA3714ED} = {322AAFB0-04E1-42B9-B9F1-B836E12E1FCD}
		{D425AE9F-F25D-4B64-9983-FE76778524A7} = {404B2AB4-CAFA-4AF7-9593-F231A25A973C}
		{8ED45EF3-0271-4867-9330-80D300029D8C} = {F872A038-D325-4718-B0A0-4CBCEA3714ED}
		{B0D05BBF-F7FA-46EC-9224-182B2B98C4A3} = {404B2AB4-CAFA-4AF7-9593-F231A25A973C}
		{3F789B98-5A34-41CF-B4F0-70B03C0C5ED2} = {F872A038-D325-4718-B0A0-4CBCEA3714ED}
		{19A46232-72C5-4BB7-AE6B-A9062BE259A0} = {0D88B727-CA5D-48DB-835B-E90C8E282DA7}
		{42DE9E8C-747E-46A4-9AC5-BB7ED1425BF0} = {0D88B727-CA5D-48DB-835B-E90C8E282DA7}
		{D4506804-B9A1-4E1A-B97C-0F815814FE62} = {0D88B727-CA5D-48DB-835B-E90C8E282DA7}
		{D6B19207-B3E3-4B53-9964-19DEFB2089EF} = {F872A038-D325-4718-B0A0-4CBCEA3714ED}
		{F839354B-16C3-4EEF-8872-768B6D832BB2} = {F872A038-D325-4718-B0A0-4CBCEA3714ED}
		{5707003E-0835-4E7A-BAD8-E55F4AE0D583} = {F872A038-D325-4718-B0A0-4CBCEA3714ED}
		{CA5FFE88-A5FF-42D3-9E88-220A594AC27F} = {404B2AB4-CAFA-4AF7-9593-F231A25A973C}
		{A57EA67A-133B-4217-BE17-9E25622A95DD} = {F872A038-D325-4718-B0A0-4CBCEA3714ED}
		{105F39CC-E6C1-4365-B200-75D451E5747F} = {0D88B727-CA5D-48DB-835B-E90C8E282DA7}
		{B84EBC46-1CF7-47C9-B38E-F4919A11D6D0} = {0D88B727-CA5D-48DB-835B-E90C8E282DA7}
		{5F2C76AE-81B2-4A24-80D2-086EFC41627B} = {0D88B727-CA5D-48DB-835B-E90C8E282DA7}
		{18F61C6F-997C-459F-A3CE-63AEE311315E} = {0D88B727-CA5D-48DB-835B-E90C8E282DA7}
		{7B5A36CE-10AE-4915-84C2-61C205F4C004} = {0D88B727-CA5D-48DB-835B-E90C8E282DA7}
		{58B6177B-2C56-4B37-88AB-8C454767D427} = {0D88B727-CA5D-48DB-835B-E90C8E282DA7}
		{61DB7D8D-7903-47EB-85FA-1E21001C5EAE} = {0D88B727-CA5D-48DB-835B-E90C8E282DA7}
		{D7F1A231-791A-4B34-A9B2-21282EADA82C} = {404B2AB4-CAFA-4AF7-9593-F231A25A973C}
		{42CDD6F5-A858-4A32-8982-E5A63689CD58} = {0D88B727-CA5D-48DB-835B-E90C8E282DA7}
		{779A5516-5209-491C-878A-63086DB3F566} = {F872A038-D325-4718-B0A0-4CBCEA3714ED}
		{8293EEC9-C747-46C3-B3D2-30C552620269} = {F872A038-D325-4718-B0A0-4CBCEA3714ED}
		{DA4852B6-2FBD-4E5C-972C-049626152E4E} = {F872A038-D325-4718-B0A0-4CBCEA3714ED}
		{CCBE134E-2DAB-4CE7-B9F2-4F315CDEF1FA} = {404B2AB4-CAFA-4AF7-9593-F231A25A973C}
		{E4E9646F-7B85-4446-9B6D-846D32BAC3F5} = {F872A038-D325-4718-B0A0-4CBCEA3714ED}
		{3038B4F6-2CB4-4124-86EB-FE8D7FB3A0D7} = {F872A038-D325-4718-B0A0-4CBCEA3714ED}
		{E27BC1CD-D6DF-4EEE-B340-5424BE442AC5} = {F872A038-D325-4718-B0A0-4CBCEA3714ED}
		{793F6EA6-6842-4E8F-908D-C7423734E385} = {F872A038-D325-4718-B0A0-4CBCEA3714ED}
		{8D22A73C-581D-4A85-917F-C56DFB386C6F} = {404B2AB4-CAFA-4AF7-9593-F231A25A973C}
		{DA7F7106-23D0-4DC2-8B71-43A15A6BBDE8} = {823AD0CF-E764-4113-A166-6A615A4B928F}
		{9892ED34-E662-48A2-95AB-F1655412081C} = {404B2AB4-CAFA-4AF7-9593-F231A25A973C}
		{55094771-469E-4E1A-8E7B-C7B915E023D0} = {F872A038-D325-4718-B0A0-4CBCEA3714ED}
		{50A948F4-EF18-4591-8CA9-564909B630A1} = {F872A038-D325-4718-B0A0-4CBCEA3714ED}
		{A3BDBA44-A720-48FA-8914-736B79830CE9} = {0D88B727-CA5D-48DB-835B-E90C8E282DA7}
		{192ECC49-3C79-48CD-A49B-296CC47546F5} = {F872A038-D325-4718-B0A0-4CBCEA3714ED}
		{368BD8A7-67D2-4F24-B655-C3B82BBDA840} = {322AAFB0-04E1-42B9-B9F1-B836E12E1FCD}
		{FAC76C2D-D586-4231-BF60-7766969BBD60} = {368BD8A7-67D2-4F24-B655-C3B82BBDA840}
		{1E379202-AE6A-4A0A-BFE9-C1C0D4605143} = {368BD8A7-67D2-4F24-B655-C3B82BBDA840}
		{45104F9C-A786-442B-8202-B965530AE20E} = {368BD8A7-67D2-4F24-B655-C3B82BBDA840}
		{2A8189FE-0E9B-474F-91E7-A92C7C302A43} = {368BD8A7-67D2-4F24-B655-C3B82BBDA840}
		{00EE8632-007B-406B-9CF8-F0CE38A5FEB0} = {368BD8A7-67D2-4F24-B655-C3B82BBDA840}
		{1565B041-B687-4EF1-B27D-B0F9A927847B} = {368BD8A7-67D2-4F24-B655-C3B82BBDA840}
		{E444200C-5B5D-42C0-88C5-D0E2C11A393F} = {368BD8A7-67D2-4F24-B655-C3B82BBDA840}
		{28D2FC99-9DB4-4F15-A99E-F5A76DE7B13A} = {368BD8A7-67D2-4F24-B655-C3B82BBDA840}
		{F81D94AB-E336-405D-B7E3-8AC97EE4E758} = {368BD8A7-67D2-4F24-B655-C3B82BBDA840}
		{192C9441-BA98-41D4-A27E-D7DE95BB46F7} = {368BD8A7-67D2-4F24-B655-C3B82BBDA840}
		{D592C239-AFAD-4596-8FE9-BBEA4977B258} = {368BD8A7-67D2-4F24-B655-C3B82BBDA840}
		{33AA9C01-0E8E-4960-AE8C-550C3B13F84A} = {368BD8A7-67D2-4F24-B655-C3B82BBDA840}
		{FD79C25F-87CD-47C6-87B2-F497AEA4A12D} = {368BD8A7-67D2-4F24-B655-C3B82BBDA840}
		{F723B0BB-C5EA-4EBE-B3D5-50682F45EA80} = {368BD8A7-67D2-4F24-B655-C3B82BBDA840}
	EndGlobalSection
	GlobalSection(ExtensibilityGlobals) = postSolution
		SolutionGuid = {63CC6DCC-A35C-402C-8ECB-3CC7EA821994}
	EndGlobalSection
EndGlobal
